PODS:
  - Arrow (5.1.1)
  - KeychainAccess (4.2.2)
  - ProgressIndicatorView (1.0.0)
  - RecaptchaEnterprise (18.5.0-beta02):
    - RecaptchaInterop (~> 100.0.0)
  - RecaptchaInterop (100.0.0)
  - SwiftFormat/CLI (0.53.5)

DEPENDENCIES:
  - Arrow (~> 5.1.1)
  - KeychainAccess
  - ProgressIndicatorView (~> 1.0.0)
  - RecaptchaEnterprise (= 18.5.0-beta02)
  - RecaptchaInterop
  - SwiftFormat/CLI

SPEC REPOS:
  https://github.com/CocoaPods/Specs.git:
    - Arrow
    - KeychainAccess
    - ProgressIndicatorView
    - RecaptchaEnterprise
    - RecaptchaInterop
    - SwiftFormat

SPEC CHECKSUMS:
  Arrow: d6a6fa7eb3fdb3e3aebc7532bc3412e30dabf953
  KeychainAccess: c0c4f7f38f6fc7bbe58f5702e25f7bd2f65abf51
  ProgressIndicatorView: f37b4bdc70132ab6398da55c674c72d86d757f0e
  RecaptchaEnterprise: c4dfc2641f917e4447a2d1eb34e7750aff181deb
  RecaptchaInterop: 7d1a4a01a6b2cb1610a47ef3f85f0c411434cb21
  SwiftFormat: 57d49d9a63f4249c625b1e623fb9fde0c30cae9d

PODFILE CHECKSUM: 90459fe64bd12c109392a2735303955a051a1e7f

COCOAPODS: 1.15.0
