PODS:
  - Arrow (5.1.1)
  - KeychainAccess (4.2.2)
  - SwiftFormat/CLI (0.53.5)

DEPENDENCIES:
  - Arrow (~> 5.1.1)
  - KeychainAccess
  - SwiftFormat/CLI

SPEC REPOS:
  https://github.com/CocoaPods/Specs.git:
    - Arrow
    - KeychainAccess
    - SwiftFormat

SPEC CHECKSUMS:
  Arrow: d6a6fa7eb3fdb3e3aebc7532bc3412e30dabf953
  KeychainAccess: c0c4f7f38f6fc7bbe58f5702e25f7bd2f65abf51
  SwiftFormat: 57d49d9a63f4249c625b1e623fb9fde0c30cae9d

PODFILE CHECKSUM: 445c52c7a2880e632cbdecdc37d917b2d7afa87e

COCOAPODS: 1.15.2
