PODS:
  - Arrow (5.1.1)
  - KeychainAccess (4.2.2)
  - ProgressIndicatorView (1.0.0)
  - SwiftFormat/CLI (0.53.5)

DEPENDENCIES:
  - Arrow (~> 5.1.1)
  - KeychainAccess
  - ProgressIndicatorView (~> 1.0.0)
  - SwiftFormat/CLI

SPEC REPOS:
  https://github.com/CocoaPods/Specs.git:
    - Arrow
    - KeychainAccess
    - ProgressIndicatorView
    - SwiftFormat

SPEC CHECKSUMS:
  Arrow: d6a6fa7eb3fdb3e3aebc7532bc3412e30dabf953
  KeychainAccess: c0c4f7f38f6fc7bbe58f5702e25f7bd2f65abf51
  ProgressIndicatorView: f37b4bdc70132ab6398da55c674c72d86d757f0e
  SwiftFormat: 57d49d9a63f4249c625b1e623fb9fde0c30cae9d

PODFILE CHECKSUM: f3cfc5a12fd40b76583eb8b74f2ad987cb88fcc9

COCOAPODS: 1.15.2
