// !$*UTF8*$!
{
	archiveVersion = 1;
	classes = {
	};
	objectVersion = 60;
	objects = {

/* Begin PBXBuildFile section */
		367FCC00F3F4B7233D16A8C9 /* Pods_Handbid_iPad.framework in Frameworks */ = {isa = PBXBuildFile; fileRef = 33865F4C90EDDBEF89424F48 /* Pods_Handbid_iPad.framework */; };
		8C0007B22BAC733900AAEBA0 /* ArrowParsable.swift in Sources */ = {isa = PBXBuildFile; fileRef = 8C0007952BAC733900AAEBA0 /* ArrowParsable.swift */; };
		8C0007BF2BAC764700AAEBA0 /* AppVersionModel.swift in Sources */ = {isa = PBXBuildFile; fileRef = 8C0007BE2BAC764700AAEBA0 /* AppVersionModel.swift */; };
		8C0007CC2BAC8D4400AAEBA0 /* Debug.xcconfig in Resources */ = {isa = PBXBuildFile; fileRef = 8C1E00F72BA82A9F0094FAA7 /* Debug.xcconfig */; };
		8C0007CD2BAC8D4500AAEBA0 /* Release.xcconfig in Resources */ = {isa = PBXBuildFile; fileRef = 8C1E00F82BA82AAC0094FAA7 /* Release.xcconfig */; };
		8C0007D32BAC976700AAEBA0 /* AppInfoProvider.swift in Sources */ = {isa = PBXBuildFile; fileRef = 8C0007C22BAC820500AAEBA0 /* AppInfoProvider.swift */; };
		8C1E00AE2BA823C80094FAA7 /* MainAppCoordinator.swift in Sources */ = {isa = PBXBuildFile; fileRef = 8C1E00AD2BA823C80094FAA7 /* MainAppCoordinator.swift */; };
		8C1E00B22BA823C90094FAA7 /* iPadAssets.xcassets in Resources */ = {isa = PBXBuildFile; fileRef = 8C1E00B12BA823C90094FAA7 /* iPadAssets.xcassets */; };
		8C1E00F62BA82A130094FAA7 /* Localizable.strings in Resources */ = {isa = PBXBuildFile; fileRef = 8C1E00EF2BA82A130094FAA7 /* Localizable.strings */; };
		8C1E01012BA85E630094FAA7 /* AppDelegate.swift in Sources */ = {isa = PBXBuildFile; fileRef = 8C1E01002BA85E630094FAA7 /* AppDelegate.swift */; };
		8C4B7B7F2BB379440043B892 /* AuthManager.swift in Sources */ = {isa = PBXBuildFile; fileRef = 8C4B7B7E2BB379440043B892 /* AuthManager.swift */; };
		8C4B7B832BB47DD30043B892 /* StartupProgressAnimationView.swift in Sources */ = {isa = PBXBuildFile; fileRef = 8C4B7B822BB47DD30043B892 /* StartupProgressAnimationView.swift */; };
		8C4B7B852BB47E9C0043B892 /* Color.swift in Sources */ = {isa = PBXBuildFile; fileRef = 8C4B7B842BB47E9C0043B892 /* Color.swift */; };
		8C4B7B872BB6DCC80043B892 /* AuthModel.swift in Sources */ = {isa = PBXBuildFile; fileRef = 8C4B7B862BB6DCC80043B892 /* AuthModel.swift */; };
		8C4B7B892BB6FCEA0043B892 /* ButtonStyleConfiguration.swift in Sources */ = {isa = PBXBuildFile; fileRef = 8C4B7B882BB6FCEA0043B892 /* ButtonStyleConfiguration.swift */; };
		8C4B7B8B2BB6FD030043B892 /* CustomStyledViewButton.swift in Sources */ = {isa = PBXBuildFile; fileRef = 8C4B7B8A2BB6FD030043B892 /* CustomStyledViewButton.swift */; };
		8C4B7B932BB7019C0043B892 /* TextStyleConfiguration.swift in Sources */ = {isa = PBXBuildFile; fileRef = 8C4B7B922BB7019C0043B892 /* TextStyleConfiguration.swift */; };
		8C4B7B9B2BB7026D0043B892 /* TextFieldStyleConfiguration.swift in Sources */ = {isa = PBXBuildFile; fileRef = 8C4B7B9A2BB7026D0043B892 /* TextFieldStyleConfiguration.swift */; };
		8C4B7BA22BB88FFB0043B892 /* ButtonStyles.swift in Sources */ = {isa = PBXBuildFile; fileRef = 8C4B7BA12BB88FFB0043B892 /* ButtonStyles.swift */; };
		8C4B7BA72BB892AC0043B892 /* CustomStyledViewTextField.swift in Sources */ = {isa = PBXBuildFile; fileRef = 8C4B7BA62BB892AC0043B892 /* CustomStyledViewTextField.swift */; };
		8C4B7BAB2BB892F20043B892 /* CustomStyledViewText.swift in Sources */ = {isa = PBXBuildFile; fileRef = 8C4B7BAA2BB892F20043B892 /* CustomStyledViewText.swift */; };
		8C4B7BAD2BB8942D0043B892 /* TextFieldStyles.swift in Sources */ = {isa = PBXBuildFile; fileRef = 8C4B7BAC2BB8942D0043B892 /* TextFieldStyles.swift */; };
		8C4B7BAF2BB8943E0043B892 /* SecureTextFieldsStyles.swift in Sources */ = {isa = PBXBuildFile; fileRef = 8C4B7BAE2BB8943E0043B892 /* SecureTextFieldsStyles.swift */; };
		8C4B7BB12BB8944C0043B892 /* TextStyles.swift in Sources */ = {isa = PBXBuildFile; fileRef = 8C4B7BB02BB8944C0043B892 /* TextStyles.swift */; };
		8C4B7BB52BB9BEDC0043B892 /* CustomStyledViewSecuredField.swift in Sources */ = {isa = PBXBuildFile; fileRef = 8C4B7BB42BB9BEDC0043B892 /* CustomStyledViewSecuredField.swift */; };
		8C4B7BB72BB9C1080043B892 /* TextSecuredStyles.swift in Sources */ = {isa = PBXBuildFile; fileRef = 8C4B7BB62BB9C1080043B892 /* TextSecuredStyles.swift */; };
		8C8BEC2E2BA975DE0083D904 /* GetStartedView.swift in Sources */ = {isa = PBXBuildFile; fileRef = 8C8BEC2D2BA975DE0083D904 /* GetStartedView.swift */; };
		8C8BEC302BA975F10083D904 /* LogInView.swift in Sources */ = {isa = PBXBuildFile; fileRef = 8C8BEC2F2BA975F10083D904 /* LogInView.swift */; };
		8C8BEC322BA976030083D904 /* GetStartedViewModel.swift in Sources */ = {isa = PBXBuildFile; fileRef = 8C8BEC312BA976030083D904 /* GetStartedViewModel.swift */; };
		8C8BEC342BA976A90083D904 /* LogInViewModel.swift in Sources */ = {isa = PBXBuildFile; fileRef = 8C8BEC332BA976A90083D904 /* LogInViewModel.swift */; };
		8C8BEC362BA977560083D904 /* RootPageView.swift in Sources */ = {isa = PBXBuildFile; fileRef = 8C8BEC352BA977560083D904 /* RootPageView.swift */; };
		8C8BEC382BA977AC0083D904 /* RegistrationPage.swift in Sources */ = {isa = PBXBuildFile; fileRef = 8C8BEC372BA977AC0083D904 /* RegistrationPage.swift */; };
		8C8BEC3A2BA977F00083D904 /* Coordinator.swift in Sources */ = {isa = PBXBuildFile; fileRef = 8C8BEC392BA977F00083D904 /* Coordinator.swift */; };
		8C8BEC642BA9ADE20083D904 /* AppLaunchControlView.swift in Sources */ = {isa = PBXBuildFile; fileRef = 8C8BEC632BA9ADE20083D904 /* AppLaunchControlView.swift */; };
		8C8BEC662BA9B7DD0083D904 /* PageProtocol.swift in Sources */ = {isa = PBXBuildFile; fileRef = 8C8BEC652BA9B7DD0083D904 /* PageProtocol.swift */; };
		8CB8C6AC2BAAE8EC002F2E8C /* NavigationCoordinatorTest.swift in Sources */ = {isa = PBXBuildFile; fileRef = 8CB8C6AB2BAAE8EC002F2E8C /* NavigationCoordinatorTest.swift */; };
		8CEA290B2BB3517E005E3B33 /* NetworkService in Frameworks */ = {isa = PBXBuildFile; productRef = 8CEA290A2BB3517E005E3B33 /* NetworkService */; };
		A750B07567CC3E21E4095C70 /* libPods-Handbid_iPadUITests.a in Frameworks */ = {isa = PBXBuildFile; fileRef = E77E5B8916E2FBB6366D1733 /* libPods-Handbid_iPadUITests.a */; };
		CE073ED82BB42D710079F342 /* View.swift in Sources */ = {isa = PBXBuildFile; fileRef = CE073ED72BB42D710079F342 /* View.swift */; };
		CE073EDC2BB4307A0079F342 /* ButtonStyle.swift in Sources */ = {isa = PBXBuildFile; fileRef = CE073EDB2BB4307A0079F342 /* ButtonStyle.swift */; };
		CE073EDE2BB4629C0079F342 /* Text.swift in Sources */ = {isa = PBXBuildFile; fileRef = CE073EDD2BB4629C0079F342 /* Text.swift */; };
		CE073EE22BB47E3F0079F342 /* NoBackgroundButtonStyle.swift in Sources */ = {isa = PBXBuildFile; fileRef = CE073EE12BB47E3F0079F342 /* NoBackgroundButtonStyle.swift */; };
		CE073EE42BB4809C0079F342 /* FormField.swift in Sources */ = {isa = PBXBuildFile; fileRef = CE073EE32BB4809C0079F342 /* FormField.swift */; };
		CE073EE62BB485CD0079F342 /* PasswordField.swift in Sources */ = {isa = PBXBuildFile; fileRef = CE073EE52BB485CD0079F342 /* PasswordField.swift */; };
		CE34FB3F2BB1963300701D2A /* CenteredWrappingContainer.swift in Sources */ = {isa = PBXBuildFile; fileRef = CE34FB3E2BB1963300701D2A /* CenteredWrappingContainer.swift */; };
		CE7DF8212BAD9E5300FF7694 /* Inter.ttf in Resources */ = {isa = PBXBuildFile; fileRef = CE7DF8202BAD9E5300FF7694 /* Inter.ttf */; };
		CE7DF8222BAD9E5300FF7694 /* Inter.ttf in Resources */ = {isa = PBXBuildFile; fileRef = CE7DF8202BAD9E5300FF7694 /* Inter.ttf */; };
		CE7DF8252BADDB7400FF7694 /* LabelAndTextModifiers.swift in Sources */ = {isa = PBXBuildFile; fileRef = CE7DF8242BADDB7400FF7694 /* LabelAndTextModifiers.swift */; };
		CE7DF8262BADDB7400FF7694 /* LabelAndTextModifiers.swift in Sources */ = {isa = PBXBuildFile; fileRef = CE7DF8242BADDB7400FF7694 /* LabelAndTextModifiers.swift */; };
		CE7DF8272BADF13C00FF7694 /* iPadAssets.xcassets in Resources */ = {isa = PBXBuildFile; fileRef = 8C1E00B12BA823C90094FAA7 /* iPadAssets.xcassets */; };
		CE7DF82A2BADF23500FF7694 /* TextFieldModifiers.swift in Sources */ = {isa = PBXBuildFile; fileRef = CE7DF8292BADF23500FF7694 /* TextFieldModifiers.swift */; };
		CE7DF82C2BADF28000FF7694 /* ViewModifiers.swift in Sources */ = {isa = PBXBuildFile; fileRef = CE7DF82B2BADF28000FF7694 /* ViewModifiers.swift */; };
		CE7DF82F2BADFD1900FF7694 /* PinView.swift in Sources */ = {isa = PBXBuildFile; fileRef = CE7DF82E2BADFD1900FF7694 /* PinView.swift */; };
		CEE2BB272BB5BBB10033556D /* RegisterRepository.swift in Sources */ = {isa = PBXBuildFile; fileRef = CEE2BB262BB5BBB10033556D /* RegisterRepository.swift */; };
		CEE2BB292BB5D1070033556D /* ApiConstants.swift in Sources */ = {isa = PBXBuildFile; fileRef = CEE2BB282BB5D1070033556D /* ApiConstants.swift */; };
		CEFC879D2BAC8A6500A8EAC6 /* SolidButtonStyle.swift in Sources */ = {isa = PBXBuildFile; fileRef = CEFC879C2BAC8A6500A8EAC6 /* SolidButtonStyle.swift */; };
		CEFC879F2BAC8BCE00A8EAC6 /* ButtonModifiers.swift in Sources */ = {isa = PBXBuildFile; fileRef = CEFC879E2BAC8BCE00A8EAC6 /* ButtonModifiers.swift */; };
		CEFC87A22BAC8D4200A8EAC6 /* BorderButtonStyle.swift in Sources */ = {isa = PBXBuildFile; fileRef = CEFC87A12BAC8D4200A8EAC6 /* BorderButtonStyle.swift */; };
/* End PBXBuildFile section */

/* Begin PBXContainerItemProxy section */
		8C1E00BB2BA823C90094FAA7 /* PBXContainerItemProxy */ = {
			isa = PBXContainerItemProxy;
			containerPortal = 8C1E00A22BA823C80094FAA7 /* Project object */;
			proxyType = 1;
			remoteGlobalIDString = 8C1E00A92BA823C80094FAA7;
			remoteInfo = Handbid_iPad;
		};
		8C1E00C52BA823C90094FAA7 /* PBXContainerItemProxy */ = {
			isa = PBXContainerItemProxy;
			containerPortal = 8C1E00A22BA823C80094FAA7 /* Project object */;
			proxyType = 1;
			remoteGlobalIDString = 8C1E00A92BA823C80094FAA7;
			remoteInfo = Handbid_iPad;
		};
/* End PBXContainerItemProxy section */

/* Begin PBXFileReference section */
		07B5075C59A9E958F31D77F1 /* Pods-Handbid_iPadUITests.release.xcconfig */ = {isa = PBXFileReference; includeInIndex = 1; lastKnownFileType = text.xcconfig; name = "Pods-Handbid_iPadUITests.release.xcconfig"; path = "Target Support Files/Pods-Handbid_iPadUITests/Pods-Handbid_iPadUITests.release.xcconfig"; sourceTree = "<group>"; };
		33865F4C90EDDBEF89424F48 /* Pods_Handbid_iPad.framework */ = {isa = PBXFileReference; explicitFileType = wrapper.framework; includeInIndex = 0; path = Pods_Handbid_iPad.framework; sourceTree = BUILT_PRODUCTS_DIR; };
		4255FC530721EA8AC7EB04E1 /* Pods-Handbid_iPad.release.xcconfig */ = {isa = PBXFileReference; includeInIndex = 1; lastKnownFileType = text.xcconfig; name = "Pods-Handbid_iPad.release.xcconfig"; path = "Target Support Files/Pods-Handbid_iPad/Pods-Handbid_iPad.release.xcconfig"; sourceTree = "<group>"; };
		8C0007952BAC733900AAEBA0 /* ArrowParsable.swift */ = {isa = PBXFileReference; fileEncoding = 4; lastKnownFileType = sourcecode.swift; path = ArrowParsable.swift; sourceTree = "<group>"; };
		8C0007BE2BAC764700AAEBA0 /* AppVersionModel.swift */ = {isa = PBXFileReference; fileEncoding = 4; lastKnownFileType = sourcecode.swift; path = AppVersionModel.swift; sourceTree = "<group>"; };
		8C0007C22BAC820500AAEBA0 /* AppInfoProvider.swift */ = {isa = PBXFileReference; lastKnownFileType = sourcecode.swift; path = AppInfoProvider.swift; sourceTree = "<group>"; };
		8C0007D12BAC8FBD00AAEBA0 /* Handbid-iPad-Bridging-Header.h */ = {isa = PBXFileReference; lastKnownFileType = sourcecode.c.h; path = "Handbid-iPad-Bridging-Header.h"; sourceTree = "<group>"; };
		8C1E00AD2BA823C80094FAA7 /* MainAppCoordinator.swift */ = {isa = PBXFileReference; lastKnownFileType = sourcecode.swift; path = MainAppCoordinator.swift; sourceTree = "<group>"; };
		8C1E00B12BA823C90094FAA7 /* iPadAssets.xcassets */ = {isa = PBXFileReference; lastKnownFileType = folder.assetcatalog; path = iPadAssets.xcassets; sourceTree = "<group>"; };
		8C1E00F02BA82A130094FAA7 /* de */ = {isa = PBXFileReference; lastKnownFileType = text.plist.strings; name = de; path = de.lproj/Localizable.strings; sourceTree = "<group>"; };
		8C1E00F12BA82A130094FAA7 /* en */ = {isa = PBXFileReference; lastKnownFileType = text.plist.strings; name = en; path = en.lproj/Localizable.strings; sourceTree = "<group>"; };
		8C1E00F22BA82A130094FAA7 /* es */ = {isa = PBXFileReference; lastKnownFileType = text.plist.strings; name = es; path = es.lproj/Localizable.strings; sourceTree = "<group>"; };
		8C1E00F32BA82A130094FAA7 /* fr */ = {isa = PBXFileReference; lastKnownFileType = text.plist.strings; name = fr; path = fr.lproj/Localizable.strings; sourceTree = "<group>"; };
		8C1E00F42BA82A130094FAA7 /* pt */ = {isa = PBXFileReference; lastKnownFileType = text.plist.strings; name = pt; path = pt.lproj/Localizable.strings; sourceTree = "<group>"; };
		8C1E00F52BA82A130094FAA7 /* zh */ = {isa = PBXFileReference; lastKnownFileType = text.plist.strings; name = zh; path = zh.lproj/Localizable.strings; sourceTree = "<group>"; };
		8C1E00F72BA82A9F0094FAA7 /* Debug.xcconfig */ = {isa = PBXFileReference; lastKnownFileType = text.xcconfig; path = Debug.xcconfig; sourceTree = "<group>"; };
		8C1E00F82BA82AAC0094FAA7 /* Release.xcconfig */ = {isa = PBXFileReference; lastKnownFileType = text.xcconfig; path = Release.xcconfig; sourceTree = "<group>"; };
		8C1E01002BA85E630094FAA7 /* AppDelegate.swift */ = {isa = PBXFileReference; lastKnownFileType = sourcecode.swift; path = AppDelegate.swift; sourceTree = "<group>"; };
		8C1E01022BA85EB10094FAA7 /* Handbid-iPad-Info.plist */ = {isa = PBXFileReference; lastKnownFileType = text.plist.xml; name = "Handbid-iPad-Info.plist"; path = "Handbid_iPad/Resources/Handbid-iPad-Info.plist"; sourceTree = SOURCE_ROOT; };
		8C4B7B7E2BB379440043B892 /* AuthManager.swift */ = {isa = PBXFileReference; lastKnownFileType = sourcecode.swift; path = AuthManager.swift; sourceTree = "<group>"; };
		8C4B7B822BB47DD30043B892 /* StartupProgressAnimationView.swift */ = {isa = PBXFileReference; lastKnownFileType = sourcecode.swift; path = StartupProgressAnimationView.swift; sourceTree = "<group>"; };
		8C4B7B842BB47E9C0043B892 /* Color.swift */ = {isa = PBXFileReference; lastKnownFileType = sourcecode.swift; path = Color.swift; sourceTree = "<group>"; };
		8C4B7B862BB6DCC80043B892 /* AuthModel.swift */ = {isa = PBXFileReference; fileEncoding = 4; lastKnownFileType = sourcecode.swift; path = AuthModel.swift; sourceTree = "<group>"; };
		8C4B7B882BB6FCEA0043B892 /* ButtonStyleConfiguration.swift */ = {isa = PBXFileReference; lastKnownFileType = sourcecode.swift; path = ButtonStyleConfiguration.swift; sourceTree = "<group>"; };
		8C4B7B8A2BB6FD030043B892 /* CustomStyledViewButton.swift */ = {isa = PBXFileReference; lastKnownFileType = sourcecode.swift; path = CustomStyledViewButton.swift; sourceTree = "<group>"; };
		8C4B7B922BB7019C0043B892 /* TextStyleConfiguration.swift */ = {isa = PBXFileReference; lastKnownFileType = sourcecode.swift; path = TextStyleConfiguration.swift; sourceTree = "<group>"; };
		8C4B7B9A2BB7026D0043B892 /* TextFieldStyleConfiguration.swift */ = {isa = PBXFileReference; lastKnownFileType = sourcecode.swift; path = TextFieldStyleConfiguration.swift; sourceTree = "<group>"; };
		8C4B7BA12BB88FFB0043B892 /* ButtonStyles.swift */ = {isa = PBXFileReference; lastKnownFileType = sourcecode.swift; path = ButtonStyles.swift; sourceTree = "<group>"; };
		8C4B7BA62BB892AC0043B892 /* CustomStyledViewTextField.swift */ = {isa = PBXFileReference; lastKnownFileType = sourcecode.swift; path = CustomStyledViewTextField.swift; sourceTree = "<group>"; };
		8C4B7BAA2BB892F20043B892 /* CustomStyledViewText.swift */ = {isa = PBXFileReference; lastKnownFileType = sourcecode.swift; path = CustomStyledViewText.swift; sourceTree = "<group>"; };
		8C4B7BAC2BB8942D0043B892 /* TextFieldStyles.swift */ = {isa = PBXFileReference; lastKnownFileType = sourcecode.swift; path = TextFieldStyles.swift; sourceTree = "<group>"; };
		8C4B7BAE2BB8943E0043B892 /* SecureTextFieldsStyles.swift */ = {isa = PBXFileReference; lastKnownFileType = sourcecode.swift; path = SecureTextFieldsStyles.swift; sourceTree = "<group>"; };
		8C4B7BB02BB8944C0043B892 /* TextStyles.swift */ = {isa = PBXFileReference; lastKnownFileType = sourcecode.swift; path = TextStyles.swift; sourceTree = "<group>"; };
		8C4B7BB42BB9BEDC0043B892 /* CustomStyledViewSecuredField.swift */ = {isa = PBXFileReference; lastKnownFileType = sourcecode.swift; path = CustomStyledViewSecuredField.swift; sourceTree = "<group>"; };
		8C4B7BB62BB9C1080043B892 /* TextSecuredStyles.swift */ = {isa = PBXFileReference; lastKnownFileType = sourcecode.swift; path = TextSecuredStyles.swift; sourceTree = "<group>"; };
		8C8BEC2D2BA975DE0083D904 /* GetStartedView.swift */ = {isa = PBXFileReference; lastKnownFileType = sourcecode.swift; path = GetStartedView.swift; sourceTree = "<group>"; };
		8C8BEC2F2BA975F10083D904 /* LogInView.swift */ = {isa = PBXFileReference; lastKnownFileType = sourcecode.swift; path = LogInView.swift; sourceTree = "<group>"; };
		8C8BEC312BA976030083D904 /* GetStartedViewModel.swift */ = {isa = PBXFileReference; lastKnownFileType = sourcecode.swift; path = GetStartedViewModel.swift; sourceTree = "<group>"; };
		8C8BEC332BA976A90083D904 /* LogInViewModel.swift */ = {isa = PBXFileReference; lastKnownFileType = sourcecode.swift; path = LogInViewModel.swift; sourceTree = "<group>"; };
		8C8BEC352BA977560083D904 /* RootPageView.swift */ = {isa = PBXFileReference; lastKnownFileType = sourcecode.swift; path = RootPageView.swift; sourceTree = "<group>"; };
		8C8BEC372BA977AC0083D904 /* RegistrationPage.swift */ = {isa = PBXFileReference; lastKnownFileType = sourcecode.swift; path = RegistrationPage.swift; sourceTree = "<group>"; };
		8C8BEC392BA977F00083D904 /* Coordinator.swift */ = {isa = PBXFileReference; lastKnownFileType = sourcecode.swift; path = Coordinator.swift; sourceTree = "<group>"; };
		8C8BEC632BA9ADE20083D904 /* AppLaunchControlView.swift */ = {isa = PBXFileReference; lastKnownFileType = sourcecode.swift; path = AppLaunchControlView.swift; sourceTree = "<group>"; };
		8C8BEC652BA9B7DD0083D904 /* PageProtocol.swift */ = {isa = PBXFileReference; lastKnownFileType = sourcecode.swift; path = PageProtocol.swift; sourceTree = "<group>"; };
		8CB8C6AB2BAAE8EC002F2E8C /* NavigationCoordinatorTest.swift */ = {isa = PBXFileReference; lastKnownFileType = sourcecode.swift; path = NavigationCoordinatorTest.swift; sourceTree = "<group>"; };
		8CEA29072BB345F8005E3B33 /* Handbid_iPadTests.xctest */ = {isa = PBXFileReference; explicitFileType = wrapper.cfbundle; includeInIndex = 0; path = Handbid_iPadTests.xctest; sourceTree = BUILT_PRODUCTS_DIR; };
		8CEA29082BB345F8005E3B33 /* Handbid_iPadUITests.xctest */ = {isa = PBXFileReference; explicitFileType = wrapper.cfbundle; includeInIndex = 0; path = Handbid_iPadUITests.xctest; sourceTree = BUILT_PRODUCTS_DIR; };
		8CFCCFB92BA8B3C600CF6C33 /* Handbid_iPad.app */ = {isa = PBXFileReference; explicitFileType = wrapper.application; includeInIndex = 0; path = Handbid_iPad.app; sourceTree = BUILT_PRODUCTS_DIR; };
		AE66CC06D22619074C3D5612 /* Pods-Handbid_iPadUITests.debug.xcconfig */ = {isa = PBXFileReference; includeInIndex = 1; lastKnownFileType = text.xcconfig; name = "Pods-Handbid_iPadUITests.debug.xcconfig"; path = "Target Support Files/Pods-Handbid_iPadUITests/Pods-Handbid_iPadUITests.debug.xcconfig"; sourceTree = "<group>"; };
		CE073ED72BB42D710079F342 /* View.swift */ = {isa = PBXFileReference; lastKnownFileType = sourcecode.swift; path = View.swift; sourceTree = "<group>"; };
		CE073EDB2BB4307A0079F342 /* ButtonStyle.swift */ = {isa = PBXFileReference; lastKnownFileType = sourcecode.swift; path = ButtonStyle.swift; sourceTree = "<group>"; };
		CE073EDD2BB4629C0079F342 /* Text.swift */ = {isa = PBXFileReference; lastKnownFileType = sourcecode.swift; path = Text.swift; sourceTree = "<group>"; };
		CE073EE12BB47E3F0079F342 /* NoBackgroundButtonStyle.swift */ = {isa = PBXFileReference; lastKnownFileType = sourcecode.swift; path = NoBackgroundButtonStyle.swift; sourceTree = "<group>"; };
		CE073EE32BB4809C0079F342 /* FormField.swift */ = {isa = PBXFileReference; lastKnownFileType = sourcecode.swift; path = FormField.swift; sourceTree = "<group>"; };
		CE073EE52BB485CD0079F342 /* PasswordField.swift */ = {isa = PBXFileReference; lastKnownFileType = sourcecode.swift; path = PasswordField.swift; sourceTree = "<group>"; };
		CE34FB3E2BB1963300701D2A /* CenteredWrappingContainer.swift */ = {isa = PBXFileReference; lastKnownFileType = sourcecode.swift; path = CenteredWrappingContainer.swift; sourceTree = "<group>"; };
		CE7DF8202BAD9E5300FF7694 /* Inter.ttf */ = {isa = PBXFileReference; lastKnownFileType = file; path = Inter.ttf; sourceTree = "<group>"; };
		CE7DF8242BADDB7400FF7694 /* LabelAndTextModifiers.swift */ = {isa = PBXFileReference; lastKnownFileType = sourcecode.swift; path = LabelAndTextModifiers.swift; sourceTree = "<group>"; };
		CE7DF8292BADF23500FF7694 /* TextFieldModifiers.swift */ = {isa = PBXFileReference; lastKnownFileType = sourcecode.swift; path = TextFieldModifiers.swift; sourceTree = "<group>"; };
		CE7DF82B2BADF28000FF7694 /* ViewModifiers.swift */ = {isa = PBXFileReference; lastKnownFileType = sourcecode.swift; path = ViewModifiers.swift; sourceTree = "<group>"; };
		CE7DF82E2BADFD1900FF7694 /* PinView.swift */ = {isa = PBXFileReference; lastKnownFileType = sourcecode.swift; path = PinView.swift; sourceTree = "<group>"; };
		CEE2BB262BB5BBB10033556D /* RegisterRepository.swift */ = {isa = PBXFileReference; lastKnownFileType = sourcecode.swift; path = RegisterRepository.swift; sourceTree = "<group>"; };
		CEE2BB282BB5D1070033556D /* ApiConstants.swift */ = {isa = PBXFileReference; lastKnownFileType = sourcecode.swift; path = ApiConstants.swift; sourceTree = "<group>"; };
		CEFC879C2BAC8A6500A8EAC6 /* SolidButtonStyle.swift */ = {isa = PBXFileReference; lastKnownFileType = sourcecode.swift; path = SolidButtonStyle.swift; sourceTree = "<group>"; };
		CEFC879E2BAC8BCE00A8EAC6 /* ButtonModifiers.swift */ = {isa = PBXFileReference; lastKnownFileType = sourcecode.swift; path = ButtonModifiers.swift; sourceTree = "<group>"; };
		CEFC87A12BAC8D4200A8EAC6 /* BorderButtonStyle.swift */ = {isa = PBXFileReference; lastKnownFileType = sourcecode.swift; path = BorderButtonStyle.swift; sourceTree = "<group>"; };
		E77E5B8916E2FBB6366D1733 /* libPods-Handbid_iPadUITests.a */ = {isa = PBXFileReference; explicitFileType = archive.ar; includeInIndex = 0; path = "libPods-Handbid_iPadUITests.a"; sourceTree = BUILT_PRODUCTS_DIR; };
		F72703FF5CF1B9070F3FE13A /* Pods-Handbid_iPad.debug.xcconfig */ = {isa = PBXFileReference; includeInIndex = 1; lastKnownFileType = text.xcconfig; name = "Pods-Handbid_iPad.debug.xcconfig"; path = "Target Support Files/Pods-Handbid_iPad/Pods-Handbid_iPad.debug.xcconfig"; sourceTree = "<group>"; };
/* End PBXFileReference section */

/* Begin PBXFrameworksBuildPhase section */
		8C1E00A72BA823C80094FAA7 /* Frameworks */ = {
			isa = PBXFrameworksBuildPhase;
			buildActionMask = 2147483647;
			files = (
				8CEA290B2BB3517E005E3B33 /* NetworkService in Frameworks */,
				367FCC00F3F4B7233D16A8C9 /* Pods_Handbid_iPad.framework in Frameworks */,
			);
			runOnlyForDeploymentPostprocessing = 0;
		};
		8C1E00B72BA823C90094FAA7 /* Frameworks */ = {
			isa = PBXFrameworksBuildPhase;
			buildActionMask = 2147483647;
			files = (
			);
			runOnlyForDeploymentPostprocessing = 0;
		};
		8C1E00C12BA823C90094FAA7 /* Frameworks */ = {
			isa = PBXFrameworksBuildPhase;
			buildActionMask = 2147483647;
			files = (
				A750B07567CC3E21E4095C70 /* libPods-Handbid_iPadUITests.a in Frameworks */,
			);
			runOnlyForDeploymentPostprocessing = 0;
		};
/* End PBXFrameworksBuildPhase section */

/* Begin PBXGroup section */
		8C1E00A12BA823C80094FAA7 = {
			isa = PBXGroup;
			children = (
				8CFCCFB92BA8B3C600CF6C33 /* Handbid_iPad.app */,
				8C1E00AC2BA823C80094FAA7 /* Handbid_iPad */,
				8C1E00BD2BA823C90094FAA7 /* Handbid_iPadTests */,
				8C1E00C72BA823C90094FAA7 /* Handbid_iPadUITests */,
				8C1E00EE2BA82A130094FAA7 /* Localization */,
				B64BA6889C440647A69DCC9C /* Pods */,
				8CEA29072BB345F8005E3B33 /* Handbid_iPadTests.xctest */,
				8CEA29082BB345F8005E3B33 /* Handbid_iPadUITests.xctest */,
				E8B803AE8571554825E33108 /* Frameworks */,
			);
			sourceTree = "<group>";
		};
		8C1E00AC2BA823C80094FAA7 /* Handbid_iPad */ = {
			isa = PBXGroup;
			children = (
				8C1E00FF2BA85E3B0094FAA7 /* AppDelegate */,
				8C1E00D92BA824B40094FAA7 /* Bridging-Header */,
				8C1E00DA2BA824BF0094FAA7 /* Config-Env */,
				8C4B7BA02BB88F920043B892 /* Configuration Appearence */,
				8C1E00DB2BA8250A0094FAA7 /* Coordinator */,
				CEE2BB242BB5BB310033556D /* Data */,
				8C1E00DC2BA825150094FAA7 /* Extensions */,
				8C4B7B8C2BB6FD390043B892 /* Extensons Style */,
				8C1E00DD2BA825230094FAA7 /* Fonts */,
				8C1E01032BA862BB0094FAA7 /* MainPointApp */,
				8C1E00DF2BA825500094FAA7 /* Models */,
				8C1E00DE2BA8253F0094FAA7 /* Resources */,
				8C1E00E12BA8256E0094FAA7 /* Styles */,
				8C1E00E52BA825C30094FAA7 /* Supporting-Methods */,
				8C1E00E42BA8258F0094FAA7 /* Utils */,
				8C1E00E32BA825860094FAA7 /* ViewModels */,
				8C1E00E22BA825820094FAA7 /* Views */,
			);
			path = Handbid_iPad;
			sourceTree = "<group>";
		};
		8C1E00BD2BA823C90094FAA7 /* Handbid_iPadTests */ = {
			isa = PBXGroup;
			children = (
			);
			path = Handbid_iPadTests;
			sourceTree = "<group>";
		};
		8C1E00C72BA823C90094FAA7 /* Handbid_iPadUITests */ = {
			isa = PBXGroup;
			children = (
				8CB8C6AB2BAAE8EC002F2E8C /* NavigationCoordinatorTest.swift */,
			);
			path = Handbid_iPadUITests;
			sourceTree = "<group>";
		};
		8C1E00D92BA824B40094FAA7 /* Bridging-Header */ = {
			isa = PBXGroup;
			children = (
				8C0007D12BAC8FBD00AAEBA0 /* Handbid-iPad-Bridging-Header.h */,
			);
			path = "Bridging-Header";
			sourceTree = "<group>";
		};
		8C1E00DA2BA824BF0094FAA7 /* Config-Env */ = {
			isa = PBXGroup;
			children = (
				8C1E00F72BA82A9F0094FAA7 /* Debug.xcconfig */,
				8C1E00F82BA82AAC0094FAA7 /* Release.xcconfig */,
			);
			path = "Config-Env";
			sourceTree = "<group>";
		};
		8C1E00DB2BA8250A0094FAA7 /* Coordinator */ = {
			isa = PBXGroup;
			children = (
				8C8BEC392BA977F00083D904 /* Coordinator.swift */,
				8C8BEC652BA9B7DD0083D904 /* PageProtocol.swift */,
				8C8BEC372BA977AC0083D904 /* RegistrationPage.swift */,
				8C8BEC352BA977560083D904 /* RootPageView.swift */,
			);
			path = Coordinator;
			sourceTree = "<group>";
		};
		8C1E00DC2BA825150094FAA7 /* Extensions */ = {
			isa = PBXGroup;
			children = (
				8C0007952BAC733900AAEBA0 /* ArrowParsable.swift */,
				CE073ED72BB42D710079F342 /* View.swift */,
				CE073EDB2BB4307A0079F342 /* ButtonStyle.swift */,
				CE073EDD2BB4629C0079F342 /* Text.swift */,
				8C4B7B842BB47E9C0043B892 /* Color.swift */,
			);
			path = Extensions;
			sourceTree = "<group>";
		};
		8C1E00DD2BA825230094FAA7 /* Fonts */ = {
			isa = PBXGroup;
			children = (
				CE7DF8202BAD9E5300FF7694 /* Inter.ttf */,
			);
			path = Fonts;
			sourceTree = "<group>";
		};
		8C1E00DE2BA8253F0094FAA7 /* Resources */ = {
			isa = PBXGroup;
			children = (
				8C1E00B12BA823C90094FAA7 /* iPadAssets.xcassets */,
				8C1E01022BA85EB10094FAA7 /* Handbid-iPad-Info.plist */,
			);
			path = Resources;
			sourceTree = "<group>";
		};
		8C1E00DF2BA825500094FAA7 /* Models */ = {
			isa = PBXGroup;
			children = (
				8C0007BE2BAC764700AAEBA0 /* AppVersionModel.swift */,
				8C4B7B862BB6DCC80043B892 /* AuthModel.swift */,
			);
			path = Models;
			sourceTree = "<group>";
		};
		8C1E00E12BA8256E0094FAA7 /* Styles */ = {
			isa = PBXGroup;
			children = (
				CE7DF8282BADF20800FF7694 /* TextFields */,
				CE7DF8232BADDB4C00FF7694 /* Labels-and-Text */,
				CEFC87A02BAC8D0B00A8EAC6 /* Buttons */,
			);
			path = Styles;
			sourceTree = "<group>";
		};
		8C1E00E22BA825820094FAA7 /* Views */ = {
			isa = PBXGroup;
			children = (
				CE7DF82D2BADFD0700FF7694 /* Helpers */,
				8C8BEC2C2BA975C30083D904 /* Registration */,
			);
			path = Views;
			sourceTree = "<group>";
		};
		8C1E00E32BA825860094FAA7 /* ViewModels */ = {
			isa = PBXGroup;
			children = (
				8C8BEC2B2BA975B70083D904 /* Registration */,
			);
			path = ViewModels;
			sourceTree = "<group>";
		};
		8C1E00E42BA8258F0094FAA7 /* Utils */ = {
			isa = PBXGroup;
			children = (
				8C4B7B7E2BB379440043B892 /* AuthManager.swift */,
			);
			path = Utils;
			sourceTree = "<group>";
		};
		8C1E00E52BA825C30094FAA7 /* Supporting-Methods */ = {
			isa = PBXGroup;
			children = (
				8C0007C22BAC820500AAEBA0 /* AppInfoProvider.swift */,
			);
			path = "Supporting-Methods";
			sourceTree = "<group>";
		};
		8C1E00EE2BA82A130094FAA7 /* Localization */ = {
			isa = PBXGroup;
			children = (
				8C1E00EF2BA82A130094FAA7 /* Localizable.strings */,
			);
			path = Localization;
			sourceTree = "<group>";
		};
		8C1E00FF2BA85E3B0094FAA7 /* AppDelegate */ = {
			isa = PBXGroup;
			children = (
				8C1E01002BA85E630094FAA7 /* AppDelegate.swift */,
			);
			path = AppDelegate;
			sourceTree = "<group>";
		};
		8C1E01032BA862BB0094FAA7 /* MainPointApp */ = {
			isa = PBXGroup;
			children = (
				8C8BEC632BA9ADE20083D904 /* AppLaunchControlView.swift */,
				8C1E00AD2BA823C80094FAA7 /* MainAppCoordinator.swift */,
				8C4B7B822BB47DD30043B892 /* StartupProgressAnimationView.swift */,
			);
			path = MainPointApp;
			sourceTree = "<group>";
		};
		8C4B7B8C2BB6FD390043B892 /* Extensons Style */ = {
			isa = PBXGroup;
			children = (
				8C4B7BA32BB8906C0043B892 /* Button */,
				8C4B7BA42BB891E80043B892 /* Text */,
				8C4B7BA52BB891EF0043B892 /* TextField */,
			);
			path = "Extensons Style";
			sourceTree = "<group>";
		};
		8C4B7B8F2BB700A60043B892 /* Other */ = {
			isa = PBXGroup;
			children = (
				CE7DF82B2BADF28000FF7694 /* ViewModifiers.swift */,
				CEFC879C2BAC8A6500A8EAC6 /* SolidButtonStyle.swift */,
				CEFC87A12BAC8D4200A8EAC6 /* BorderButtonStyle.swift */,
				CE073EE12BB47E3F0079F342 /* NoBackgroundButtonStyle.swift */,
			);
			path = Other;
			sourceTree = "<group>";
		};
		8C4B7B942BB701E50043B892 /* Other */ = {
			isa = PBXGroup;
			children = (
				CE7DF8242BADDB7400FF7694 /* LabelAndTextModifiers.swift */,
			);
			path = Other;
			sourceTree = "<group>";
		};
		8C4B7B952BB701EE0043B892 /* Other */ = {
			isa = PBXGroup;
			children = (
				CE7DF8292BADF23500FF7694 /* TextFieldModifiers.swift */,
			);
			path = Other;
			sourceTree = "<group>";
		};
		8C4B7BA02BB88F920043B892 /* Configuration Appearence */ = {
			isa = PBXGroup;
			children = (
				8C4B7BA12BB88FFB0043B892 /* ButtonStyles.swift */,
				8C4B7BAE2BB8943E0043B892 /* SecureTextFieldsStyles.swift */,
				8C4B7BAC2BB8942D0043B892 /* TextFieldStyles.swift */,
				8C4B7BB62BB9C1080043B892 /* TextSecuredStyles.swift */,
				8C4B7BB02BB8944C0043B892 /* TextStyles.swift */,
			);
			path = "Configuration Appearence";
			sourceTree = "<group>";
		};
		8C4B7BA32BB8906C0043B892 /* Button */ = {
			isa = PBXGroup;
			children = (
				8C4B7B882BB6FCEA0043B892 /* ButtonStyleConfiguration.swift */,
				8C4B7B8A2BB6FD030043B892 /* CustomStyledViewButton.swift */,
			);
			path = Button;
			sourceTree = "<group>";
		};
		8C4B7BA42BB891E80043B892 /* Text */ = {
			isa = PBXGroup;
			children = (
				8C4B7BAA2BB892F20043B892 /* CustomStyledViewText.swift */,
				8C4B7B922BB7019C0043B892 /* TextStyleConfiguration.swift */,
			);
			path = Text;
			sourceTree = "<group>";
		};
		8C4B7BA52BB891EF0043B892 /* TextField */ = {
			isa = PBXGroup;
			children = (
				8C4B7BB32BB9BEBC0043B892 /* SecuredField */,
				8C4B7BA62BB892AC0043B892 /* CustomStyledViewTextField.swift */,
				8C4B7B9A2BB7026D0043B892 /* TextFieldStyleConfiguration.swift */,
			);
			path = TextField;
			sourceTree = "<group>";
		};
		8C4B7BB32BB9BEBC0043B892 /* SecuredField */ = {
			isa = PBXGroup;
			children = (
				8C4B7BB42BB9BEDC0043B892 /* CustomStyledViewSecuredField.swift */,
			);
			path = SecuredField;
			sourceTree = "<group>";
		};
		8C8BEC2B2BA975B70083D904 /* Registration */ = {
			isa = PBXGroup;
			children = (
				8C8BEC312BA976030083D904 /* GetStartedViewModel.swift */,
				8C8BEC332BA976A90083D904 /* LogInViewModel.swift */,
			);
			path = Registration;
			sourceTree = "<group>";
		};
		8C8BEC2C2BA975C30083D904 /* Registration */ = {
			isa = PBXGroup;
			children = (
				8C8BEC2D2BA975DE0083D904 /* GetStartedView.swift */,
				8C8BEC2F2BA975F10083D904 /* LogInView.swift */,
			);
			path = Registration;
			sourceTree = "<group>";
		};
		B64BA6889C440647A69DCC9C /* Pods */ = {
			isa = PBXGroup;
			children = (
				4255FC530721EA8AC7EB04E1 /* Pods-Handbid_iPad.release.xcconfig */,
				F72703FF5CF1B9070F3FE13A /* Pods-Handbid_iPad.debug.xcconfig */,
				07B5075C59A9E958F31D77F1 /* Pods-Handbid_iPadUITests.release.xcconfig */,
				AE66CC06D22619074C3D5612 /* Pods-Handbid_iPadUITests.debug.xcconfig */,
			);
			path = Pods;
			sourceTree = "<group>";
		};
		CE7DF8232BADDB4C00FF7694 /* Labels-and-Text */ = {
			isa = PBXGroup;
			children = (
				8C4B7B942BB701E50043B892 /* Other */,
			);
			path = "Labels-and-Text";
			sourceTree = "<group>";
		};
		CE7DF8282BADF20800FF7694 /* TextFields */ = {
			isa = PBXGroup;
			children = (
				8C4B7B952BB701EE0043B892 /* Other */,
			);
			path = TextFields;
			sourceTree = "<group>";
		};
		CE7DF82D2BADFD0700FF7694 /* Helpers */ = {
			isa = PBXGroup;
			children = (
				CE7DF82E2BADFD1900FF7694 /* PinView.swift */,
				CE34FB3E2BB1963300701D2A /* CenteredWrappingContainer.swift */,
				CE073EE32BB4809C0079F342 /* FormField.swift */,
				CE073EE52BB485CD0079F342 /* PasswordField.swift */,
			);
			path = Helpers;
			sourceTree = "<group>";
		};
		CEE2BB242BB5BB310033556D /* Data */ = {
			isa = PBXGroup;
			children = (
				CEE2BB252BB5BB7A0033556D /* Repositories */,
				CEE2BB282BB5D1070033556D /* ApiConstants.swift */,
			);
			path = Data;
			sourceTree = "<group>";
		};
		CEE2BB252BB5BB7A0033556D /* Repositories */ = {
			isa = PBXGroup;
			children = (
				CEE2BB262BB5BBB10033556D /* RegisterRepository.swift */,
			);
			path = Repositories;
			sourceTree = "<group>";
		};
		CEFC87A02BAC8D0B00A8EAC6 /* Buttons */ = {
			isa = PBXGroup;
			children = (
				CEFC879E2BAC8BCE00A8EAC6 /* ButtonModifiers.swift */,
				8C4B7B8F2BB700A60043B892 /* Other */,
			);
			path = Buttons;
			sourceTree = "<group>";
		};
		E8B803AE8571554825E33108 /* Frameworks */ = {
			isa = PBXGroup;
			children = (
				33865F4C90EDDBEF89424F48 /* Pods_Handbid_iPad.framework */,
				E77E5B8916E2FBB6366D1733 /* libPods-Handbid_iPadUITests.a */,
			);
			name = Frameworks;
			sourceTree = "<group>";
		};
/* End PBXGroup section */

/* Begin PBXNativeTarget section */
		8C1E00A92BA823C80094FAA7 /* Handbid_iPad */ = {
			isa = PBXNativeTarget;
			buildConfigurationList = 8C1E00CE2BA823C90094FAA7 /* Build configuration list for PBXNativeTarget "Handbid_iPad" */;
			buildPhases = (
				AE64DA9752AA449C6ED5977D /* [CP] Check Pods Manifest.lock */,
				8C1E00E92BA827D10094FAA7 /* Fetch localization */,
				8C1E00A62BA823C80094FAA7 /* Sources */,
				8C1E00A82BA823C80094FAA7 /* Resources */,
				8C1E00A72BA823C80094FAA7 /* Frameworks */,
				8C1E01042BA866E00094FAA7 /* SwiftFormat */,
				D5E5B9AC456272B5B5C75831 /* [CP] Embed Pods Frameworks */,
			);
			buildRules = (
			);
			dependencies = (
			);
			name = Handbid_iPad;
			packageProductDependencies = (
				8CEA290A2BB3517E005E3B33 /* NetworkService */,
			);
			productName = Handbid_iPad;
			productReference = 8CFCCFB92BA8B3C600CF6C33 /* Handbid_iPad.app */;
			productType = "com.apple.product-type.application";
		};
		8C1E00B92BA823C90094FAA7 /* Handbid_iPadTests */ = {
			isa = PBXNativeTarget;
			buildConfigurationList = 8C1E00D12BA823C90094FAA7 /* Build configuration list for PBXNativeTarget "Handbid_iPadTests" */;
			buildPhases = (
				8C1E00B62BA823C90094FAA7 /* Sources */,
				8C1E00B72BA823C90094FAA7 /* Frameworks */,
				8C1E00B82BA823C90094FAA7 /* Resources */,
			);
			buildRules = (
			);
			dependencies = (
				8C1E00BC2BA823C90094FAA7 /* PBXTargetDependency */,
			);
			name = Handbid_iPadTests;
			productName = Handbid_iPadTests;
			productReference = 8CEA29072BB345F8005E3B33 /* Handbid_iPadTests.xctest */;
			productType = "com.apple.product-type.bundle.unit-test";
		};
		8C1E00C32BA823C90094FAA7 /* Handbid_iPadUITests */ = {
			isa = PBXNativeTarget;
			buildConfigurationList = 8C1E00D42BA823C90094FAA7 /* Build configuration list for PBXNativeTarget "Handbid_iPadUITests" */;
			buildPhases = (
				A25FA828BC6D7414BFA4CF6F /* [CP] Check Pods Manifest.lock */,
				8C1E00C02BA823C90094FAA7 /* Sources */,
				8C1E00C12BA823C90094FAA7 /* Frameworks */,
				8C1E00C22BA823C90094FAA7 /* Resources */,
			);
			buildRules = (
			);
			dependencies = (
				8C1E00C62BA823C90094FAA7 /* PBXTargetDependency */,
			);
			name = Handbid_iPadUITests;
			productName = Handbid_iPadUITests;
			productReference = 8CEA29082BB345F8005E3B33 /* Handbid_iPadUITests.xctest */;
			productType = "com.apple.product-type.bundle.ui-testing";
		};
/* End PBXNativeTarget section */

/* Begin PBXProject section */
		8C1E00A22BA823C80094FAA7 /* Project object */ = {
			isa = PBXProject;
			attributes = {
				BuildIndependentTargetsInParallel = 1;
				LastSwiftUpdateCheck = 1520;
				LastUpgradeCheck = 1520;
				TargetAttributes = {
					8C1E00A92BA823C80094FAA7 = {
						CreatedOnToolsVersion = 15.2;
					};
					8C1E00B92BA823C90094FAA7 = {
						CreatedOnToolsVersion = 15.2;
						LastSwiftMigration = 1520;
						TestTargetID = 8C1E00A92BA823C80094FAA7;
					};
					8C1E00C32BA823C90094FAA7 = {
						CreatedOnToolsVersion = 15.2;
						LastSwiftMigration = 1520;
						TestTargetID = 8C1E00A92BA823C80094FAA7;
					};
				};
			};
			buildConfigurationList = 8C1E00A52BA823C80094FAA7 /* Build configuration list for PBXProject "Handbid_iPad" */;
			compatibilityVersion = "Xcode 14.0";
			developmentRegion = en;
			hasScannedForEncodings = 0;
			knownRegions = (
				en,
				Base,
				de,
				es,
				fr,
				pt,
				zh,
			);
			mainGroup = 8C1E00A12BA823C80094FAA7;
			packageReferences = (
				8CEA29092BB3517E005E3B33 /* XCLocalSwiftPackageReference "Frameworks/NetworkService" */,
			);
			productRefGroup = 8C1E00A12BA823C80094FAA7;
			projectDirPath = "";
			projectRoot = "";
			targets = (
				8C1E00A92BA823C80094FAA7 /* Handbid_iPad */,
				8C1E00B92BA823C90094FAA7 /* Handbid_iPadTests */,
				8C1E00C32BA823C90094FAA7 /* Handbid_iPadUITests */,
			);
		};
/* End PBXProject section */

/* Begin PBXResourcesBuildPhase section */
		8C1E00A82BA823C80094FAA7 /* Resources */ = {
			isa = PBXResourcesBuildPhase;
			buildActionMask = 2147483647;
			files = (
				CE7DF8212BAD9E5300FF7694 /* Inter.ttf in Resources */,
				8C0007CD2BAC8D4500AAEBA0 /* Release.xcconfig in Resources */,
				8C1E00F62BA82A130094FAA7 /* Localizable.strings in Resources */,
				8C1E00B22BA823C90094FAA7 /* iPadAssets.xcassets in Resources */,
				8C0007CC2BAC8D4400AAEBA0 /* Debug.xcconfig in Resources */,
			);
			runOnlyForDeploymentPostprocessing = 0;
		};
		8C1E00B82BA823C90094FAA7 /* Resources */ = {
			isa = PBXResourcesBuildPhase;
			buildActionMask = 2147483647;
			files = (
			);
			runOnlyForDeploymentPostprocessing = 0;
		};
		8C1E00C22BA823C90094FAA7 /* Resources */ = {
			isa = PBXResourcesBuildPhase;
			buildActionMask = 2147483647;
			files = (
				CE7DF8272BADF13C00FF7694 /* iPadAssets.xcassets in Resources */,
				CE7DF8222BAD9E5300FF7694 /* Inter.ttf in Resources */,
			);
			runOnlyForDeploymentPostprocessing = 0;
		};
/* End PBXResourcesBuildPhase section */

/* Begin PBXShellScriptBuildPhase section */
		8C1E00E92BA827D10094FAA7 /* Fetch localization */ = {
			isa = PBXShellScriptBuildPhase;
			alwaysOutOfDate = 1;
			buildActionMask = 12;
			files = (
			);
			inputFileListPaths = (
			);
			inputPaths = (
			);
			name = "Fetch localization";
			outputFileListPaths = (
			);
			outputPaths = (
			);
			runOnlyForDeploymentPostprocessing = 0;
			shellPath = /bin/sh;
			shellScript = "\"$SRCROOT/Extras/localization_ios.sh\"\n";
		};
		8C1E01042BA866E00094FAA7 /* SwiftFormat */ = {
			isa = PBXShellScriptBuildPhase;
			alwaysOutOfDate = 1;
			buildActionMask = 12;
			files = (
			);
			inputFileListPaths = (
			);
			inputPaths = (
			);
			name = SwiftFormat;
			outputFileListPaths = (
			);
			outputPaths = (
			);
			runOnlyForDeploymentPostprocessing = 0;
			shellPath = /bin/sh;
			shellScript = "\"${PODS_ROOT}/SwiftFormat/CommandLineTool/swiftformat\" \"$SRCROOT\" --config .swiftformat --swiftversion 5.9\n";
			showEnvVarsInLog = 0;
		};
		A25FA828BC6D7414BFA4CF6F /* [CP] Check Pods Manifest.lock */ = {
			isa = PBXShellScriptBuildPhase;
			buildActionMask = 2147483647;
			files = (
			);
			inputFileListPaths = (
			);
			inputPaths = (
				"${PODS_PODFILE_DIR_PATH}/Podfile.lock",
				"${PODS_ROOT}/Manifest.lock",
			);
			name = "[CP] Check Pods Manifest.lock";
			outputFileListPaths = (
			);
			outputPaths = (
				"$(DERIVED_FILE_DIR)/Pods-Handbid_iPadUITests-checkManifestLockResult.txt",
			);
			runOnlyForDeploymentPostprocessing = 0;
			shellPath = /bin/sh;
			shellScript = "diff \"${PODS_PODFILE_DIR_PATH}/Podfile.lock\" \"${PODS_ROOT}/Manifest.lock\" > /dev/null\nif [ $? != 0 ] ; then\n    # print error to STDERR\n    echo \"error: The sandbox is not in sync with the Podfile.lock. Run 'pod install' or update your CocoaPods installation.\" >&2\n    exit 1\nfi\n# This output is used by Xcode 'outputs' to avoid re-running this script phase.\necho \"SUCCESS\" > \"${SCRIPT_OUTPUT_FILE_0}\"\n";
			showEnvVarsInLog = 0;
		};
		AE64DA9752AA449C6ED5977D /* [CP] Check Pods Manifest.lock */ = {
			isa = PBXShellScriptBuildPhase;
			buildActionMask = 2147483647;
			files = (
			);
			inputFileListPaths = (
			);
			inputPaths = (
				"${PODS_PODFILE_DIR_PATH}/Podfile.lock",
				"${PODS_ROOT}/Manifest.lock",
			);
			name = "[CP] Check Pods Manifest.lock";
			outputFileListPaths = (
			);
			outputPaths = (
				"$(DERIVED_FILE_DIR)/Pods-Handbid_iPad-checkManifestLockResult.txt",
			);
			runOnlyForDeploymentPostprocessing = 0;
			shellPath = /bin/sh;
			shellScript = "diff \"${PODS_PODFILE_DIR_PATH}/Podfile.lock\" \"${PODS_ROOT}/Manifest.lock\" > /dev/null\nif [ $? != 0 ] ; then\n    # print error to STDERR\n    echo \"error: The sandbox is not in sync with the Podfile.lock. Run 'pod install' or update your CocoaPods installation.\" >&2\n    exit 1\nfi\n# This output is used by Xcode 'outputs' to avoid re-running this script phase.\necho \"SUCCESS\" > \"${SCRIPT_OUTPUT_FILE_0}\"\n";
			showEnvVarsInLog = 0;
		};
		D5E5B9AC456272B5B5C75831 /* [CP] Embed Pods Frameworks */ = {
			isa = PBXShellScriptBuildPhase;
			buildActionMask = 2147483647;
			files = (
			);
			inputFileListPaths = (
				"${PODS_ROOT}/Target Support Files/Pods-Handbid_iPad/Pods-Handbid_iPad-frameworks-${CONFIGURATION}-input-files.xcfilelist",
			);
			name = "[CP] Embed Pods Frameworks";
			outputFileListPaths = (
				"${PODS_ROOT}/Target Support Files/Pods-Handbid_iPad/Pods-Handbid_iPad-frameworks-${CONFIGURATION}-output-files.xcfilelist",
			);
			runOnlyForDeploymentPostprocessing = 0;
			shellPath = /bin/sh;
			shellScript = "\"${PODS_ROOT}/Target Support Files/Pods-Handbid_iPad/Pods-Handbid_iPad-frameworks.sh\"\n";
			showEnvVarsInLog = 0;
		};
/* End PBXShellScriptBuildPhase section */

/* Begin PBXSourcesBuildPhase section */
		8C1E00A62BA823C80094FAA7 /* Sources */ = {
			isa = PBXSourcesBuildPhase;
			buildActionMask = 2147483647;
			files = (
				8C0007BF2BAC764700AAEBA0 /* AppVersionModel.swift in Sources */,
				8C4B7B7F2BB379440043B892 /* AuthManager.swift in Sources */,
				8C8BEC342BA976A90083D904 /* LogInViewModel.swift in Sources */,
				CEFC879F2BAC8BCE00A8EAC6 /* ButtonModifiers.swift in Sources */,
				CEE2BB292BB5D1070033556D /* ApiConstants.swift in Sources */,
				8C4B7BA72BB892AC0043B892 /* CustomStyledViewTextField.swift in Sources */,
				CE7DF82C2BADF28000FF7694 /* ViewModifiers.swift in Sources */,
				8C8BEC362BA977560083D904 /* RootPageView.swift in Sources */,
				8C8BEC302BA975F10083D904 /* LogInView.swift in Sources */,
				CE7DF82A2BADF23500FF7694 /* TextFieldModifiers.swift in Sources */,
				CE073ED82BB42D710079F342 /* View.swift in Sources */,
				CE7DF82F2BADFD1900FF7694 /* PinView.swift in Sources */,
				CE073EE42BB4809C0079F342 /* FormField.swift in Sources */,
				8C4B7BB12BB8944C0043B892 /* TextStyles.swift in Sources */,
				8C8BEC662BA9B7DD0083D904 /* PageProtocol.swift in Sources */,
				8C4B7BAD2BB8942D0043B892 /* TextFieldStyles.swift in Sources */,
				8C8BEC3A2BA977F00083D904 /* Coordinator.swift in Sources */,
				CE073EE62BB485CD0079F342 /* PasswordField.swift in Sources */,
				8C1E01012BA85E630094FAA7 /* AppDelegate.swift in Sources */,
				CE073EDC2BB4307A0079F342 /* ButtonStyle.swift in Sources */,
				8C4B7B872BB6DCC80043B892 /* AuthModel.swift in Sources */,
				CEE2BB272BB5BBB10033556D /* RegisterRepository.swift in Sources */,
				8C4B7BAB2BB892F20043B892 /* CustomStyledViewText.swift in Sources */,
				8C4B7BAF2BB8943E0043B892 /* SecureTextFieldsStyles.swift in Sources */,
				8C8BEC2E2BA975DE0083D904 /* GetStartedView.swift in Sources */,
				8C4B7B892BB6FCEA0043B892 /* ButtonStyleConfiguration.swift in Sources */,
				8C4B7B932BB7019C0043B892 /* TextStyleConfiguration.swift in Sources */,
				CEFC87A22BAC8D4200A8EAC6 /* BorderButtonStyle.swift in Sources */,
				8C4B7BA22BB88FFB0043B892 /* ButtonStyles.swift in Sources */,
				8C8BEC322BA976030083D904 /* GetStartedViewModel.swift in Sources */,
				8C4B7B852BB47E9C0043B892 /* Color.swift in Sources */,
				8C8BEC382BA977AC0083D904 /* RegistrationPage.swift in Sources */,
				CE7DF8252BADDB7400FF7694 /* LabelAndTextModifiers.swift in Sources */,
				CEFC879D2BAC8A6500A8EAC6 /* SolidButtonStyle.swift in Sources */,
				8C4B7BB72BB9C1080043B892 /* TextSecuredStyles.swift in Sources */,
				8C1E00AE2BA823C80094FAA7 /* MainAppCoordinator.swift in Sources */,
				CE073EE22BB47E3F0079F342 /* NoBackgroundButtonStyle.swift in Sources */,
				CE073EDE2BB4629C0079F342 /* Text.swift in Sources */,
				8C1E00AE2BA823C80094FAA7 /* MainAppCoordinator.swift in Sources */,
				8C4B7BB52BB9BEDC0043B892 /* CustomStyledViewSecuredField.swift in Sources */,
				8C4B7B832BB47DD30043B892 /* StartupProgressAnimationView.swift in Sources */,
				8C0007D32BAC976700AAEBA0 /* AppInfoProvider.swift in Sources */,
				8C4B7B9B2BB7026D0043B892 /* TextFieldStyleConfiguration.swift in Sources */,
				8C4B7B8B2BB6FD030043B892 /* CustomStyledViewButton.swift in Sources */,
				8C8BEC642BA9ADE20083D904 /* AppLaunchControlView.swift in Sources */,
				CE34FB3F2BB1963300701D2A /* CenteredWrappingContainer.swift in Sources */,
				8C0007B22BAC733900AAEBA0 /* ArrowParsable.swift in Sources */,
			);
			runOnlyForDeploymentPostprocessing = 0;
		};
		8C1E00B62BA823C90094FAA7 /* Sources */ = {
			isa = PBXSourcesBuildPhase;
			buildActionMask = 2147483647;
			files = (
			);
			runOnlyForDeploymentPostprocessing = 0;
		};
		8C1E00C02BA823C90094FAA7 /* Sources */ = {
			isa = PBXSourcesBuildPhase;
			buildActionMask = 2147483647;
			files = (
				CE7DF8262BADDB7400FF7694 /* LabelAndTextModifiers.swift in Sources */,
				8CB8C6AC2BAAE8EC002F2E8C /* NavigationCoordinatorTest.swift in Sources */,
			);
			runOnlyForDeploymentPostprocessing = 0;
		};
/* End PBXSourcesBuildPhase section */

/* Begin PBXTargetDependency section */
		8C1E00BC2BA823C90094FAA7 /* PBXTargetDependency */ = {
			isa = PBXTargetDependency;
			target = 8C1E00A92BA823C80094FAA7 /* Handbid_iPad */;
			targetProxy = 8C1E00BB2BA823C90094FAA7 /* PBXContainerItemProxy */;
		};
		8C1E00C62BA823C90094FAA7 /* PBXTargetDependency */ = {
			isa = PBXTargetDependency;
			target = 8C1E00A92BA823C80094FAA7 /* Handbid_iPad */;
			targetProxy = 8C1E00C52BA823C90094FAA7 /* PBXContainerItemProxy */;
		};
/* End PBXTargetDependency section */

/* Begin PBXVariantGroup section */
		8C1E00EF2BA82A130094FAA7 /* Localizable.strings */ = {
			isa = PBXVariantGroup;
			children = (
				8C1E00F02BA82A130094FAA7 /* de */,
				8C1E00F12BA82A130094FAA7 /* en */,
				8C1E00F22BA82A130094FAA7 /* es */,
				8C1E00F32BA82A130094FAA7 /* fr */,
				8C1E00F42BA82A130094FAA7 /* pt */,
				8C1E00F52BA82A130094FAA7 /* zh */,
			);
			name = Localizable.strings;
			sourceTree = "<group>";
		};
/* End PBXVariantGroup section */

/* Begin XCBuildConfiguration section */
		8C1E00CD2BA823C90094FAA7 /* Release */ = {
			isa = XCBuildConfiguration;
			baseConfigurationReference = 8C1E00F82BA82AAC0094FAA7 /* Release.xcconfig */;
			buildSettings = {
				ALWAYS_SEARCH_USER_PATHS = NO;
				ASSETCATALOG_COMPILER_GENERATE_SWIFT_ASSET_SYMBOL_EXTENSIONS = YES;
				CLANG_ANALYZER_LOCALIZABILITY_NONLOCALIZED = YES;
				CLANG_ANALYZER_NONNULL = YES;
				CLANG_ANALYZER_NUMBER_OBJECT_CONVERSION = YES_AGGRESSIVE;
				CLANG_CXX_LANGUAGE_STANDARD = "gnu++20";
				CLANG_ENABLE_MODULES = YES;
				CLANG_ENABLE_OBJC_ARC = YES;
				CLANG_ENABLE_OBJC_WEAK = YES;
				CLANG_WARN_BLOCK_CAPTURE_AUTORELEASING = YES;
				CLANG_WARN_BOOL_CONVERSION = YES;
				CLANG_WARN_COMMA = YES;
				CLANG_WARN_CONSTANT_CONVERSION = YES;
				CLANG_WARN_DEPRECATED_OBJC_IMPLEMENTATIONS = YES;
				CLANG_WARN_DIRECT_OBJC_ISA_USAGE = YES_ERROR;
				CLANG_WARN_DOCUMENTATION_COMMENTS = YES;
				CLANG_WARN_EMPTY_BODY = YES;
				CLANG_WARN_ENUM_CONVERSION = YES;
				CLANG_WARN_INFINITE_RECURSION = YES;
				CLANG_WARN_INT_CONVERSION = YES;
				CLANG_WARN_NON_LITERAL_NULL_CONVERSION = YES;
				CLANG_WARN_OBJC_IMPLICIT_RETAIN_SELF = YES;
				CLANG_WARN_OBJC_LITERAL_CONVERSION = YES;
				CLANG_WARN_OBJC_ROOT_CLASS = YES_ERROR;
				CLANG_WARN_QUOTED_INCLUDE_IN_FRAMEWORK_HEADER = YES;
				CLANG_WARN_RANGE_LOOP_ANALYSIS = YES;
				CLANG_WARN_STRICT_PROTOTYPES = YES;
				CLANG_WARN_SUSPICIOUS_MOVE = YES;
				CLANG_WARN_UNGUARDED_AVAILABILITY = YES_AGGRESSIVE;
				CLANG_WARN_UNREACHABLE_CODE = YES;
				CLANG_WARN__DUPLICATE_METHOD_MATCH = YES;
				COPY_PHASE_STRIP = NO;
				DEBUG_INFORMATION_FORMAT = "dwarf-with-dsym";
				ENABLE_NS_ASSERTIONS = NO;
				ENABLE_STRICT_OBJC_MSGSEND = YES;
				ENABLE_USER_SCRIPT_SANDBOXING = YES;
				GCC_C_LANGUAGE_STANDARD = gnu17;
				GCC_NO_COMMON_BLOCKS = YES;
				GCC_WARN_64_TO_32_BIT_CONVERSION = YES;
				GCC_WARN_ABOUT_RETURN_TYPE = YES_ERROR;
				GCC_WARN_UNDECLARED_SELECTOR = YES;
				GCC_WARN_UNINITIALIZED_AUTOS = YES_AGGRESSIVE;
				GCC_WARN_UNUSED_FUNCTION = YES;
				GCC_WARN_UNUSED_VARIABLE = YES;
				IPHONEOS_DEPLOYMENT_TARGET = 17.0;
				LOCALIZATION_PREFERS_STRING_CATALOGS = YES;
				MTL_ENABLE_DEBUG_INFO = NO;
				MTL_FAST_MATH = YES;
				SDKROOT = iphoneos;
				SWIFT_COMPILATION_MODE = wholemodule;
				VALIDATE_PRODUCT = YES;
			};
			name = Release;
		};
		8C1E00D02BA823C90094FAA7 /* Release */ = {
			isa = XCBuildConfiguration;
			baseConfigurationReference = 4255FC530721EA8AC7EB04E1 /* Pods-Handbid_iPad.release.xcconfig */;
			buildSettings = {
				ASSETCATALOG_COMPILER_APPICON_NAME = AppIcon;
				ASSETCATALOG_COMPILER_GLOBAL_ACCENT_COLOR_NAME = AccentColor;
				CLANG_ALLOW_NON_MODULAR_INCLUDES_IN_FRAMEWORK_MODULES = YES;
				CODE_SIGN_IDENTITY = "Apple Development";
				CODE_SIGN_STYLE = Automatic;
				COPY_HEADERS_RUN_UNIFDEF = NO;
				CURRENT_PROJECT_VERSION = 1;
				DEVELOPMENT_TEAM = 35JZN6VPM3;
				ENABLE_PREVIEWS = YES;
				ENABLE_USER_SCRIPT_SANDBOXING = NO;
				FRAMEWORK_SEARCH_PATHS = (
					"$(inherited)",
					"$(PROJECT_DIR)/Frameworks",
				);
				GCC_PREFIX_HEADER = "";
				GCC_PREPROCESSOR_DEFINITIONS = (
					"$(inherited)",
					"COCOAPODS=1",
				);
				GCC_PREPROCESSOR_DEFINITIONS_NOT_USED_IN_PRECOMPS = "";
				GENERATE_INFOPLIST_FILE = YES;
				INFOPLIST_FILE = "Handbid_iPad/Resources/Handbid-iPad-Info.plist";
				INFOPLIST_KEY_CFBundleDisplayName = "Handbid Manager";
				INFOPLIST_KEY_UIApplicationSupportsIndirectInputEvents = YES;
				INFOPLIST_KEY_UILaunchScreen_Generation = YES;
				INFOPLIST_KEY_UISupportedInterfaceOrientations = UIInterfaceOrientationPortrait;
				INFOPLIST_KEY_UISupportedInterfaceOrientations_iPad = "UIInterfaceOrientationLandscapeLeft UIInterfaceOrientationLandscapeRight UIInterfaceOrientationPortrait";
				IPHONEOS_DEPLOYMENT_TARGET = 17.0;
				LD_RUNPATH_SEARCH_PATHS = (
					"$(inherited)",
					"@executable_path/Frameworks",
				);
				MARKETING_VERSION = 1.0;
				ONLY_ACTIVE_ARCH = YES;
				OTHER_SWIFT_FLAGS = "$(inherited) -D COCOAPODS -Xcc -fmodule-map-file=\"${PODS_CONFIGURATION_BUILD_DIR}/Arrow/Arrow.modulemap\" -DHANDBID_IPAD";
				PRODUCT_BUNDLE_IDENTIFIER = "com.Handbid-iPad";
				PRODUCT_MODULE_NAME = Handbid_iPad;
				PRODUCT_NAME = Handbid_iPad;
				PROVISIONING_PROFILE_SPECIFIER = "";
				SWIFT_ACTIVE_COMPILATION_CONDITIONS = Release;
				SWIFT_EMIT_LOC_STRINGS = YES;
				SWIFT_OBJC_BRIDGING_HEADER = "Handbid_iPad/Bridging-Header/Handbid-iPad-Bridging-Header.h";
				SWIFT_VERSION = 5.0;
				TARGETED_DEVICE_FAMILY = "1,2";
			};
			name = Release;
		};
		8C1E00D32BA823C90094FAA7 /* Release */ = {
			isa = XCBuildConfiguration;
			buildSettings = {
				CLANG_ENABLE_MODULES = YES;
				CODE_SIGN_STYLE = Automatic;
				CURRENT_PROJECT_VERSION = 1;
				DEVELOPMENT_TEAM = 35JZN6VPM3;
				ENABLE_ON_DEMAND_RESOURCES = NO;
				ENABLE_PREVIEWS = NO;
				ENABLE_USER_SCRIPT_SANDBOXING = NO;
				GENERATE_INFOPLIST_FILE = YES;
				IPHONEOS_DEPLOYMENT_TARGET = 17.0;
				MARKETING_VERSION = 1.0;
				ONLY_ACTIVE_ARCH = YES;
				PRODUCT_BUNDLE_IDENTIFIER = "com.Handbid-iPadTests";
				PRODUCT_NAME = "$(TARGET_NAME)";
				SUPPORTED_PLATFORMS = "iphoneos iphonesimulator";
				SUPPORTS_MACCATALYST = NO;
				SWIFT_EMIT_LOC_STRINGS = NO;
				SWIFT_VERSION = 5.0;
				TARGETED_DEVICE_FAMILY = "1,2";
				TEST_HOST = "$(BUILT_PRODUCTS_DIR)/Handbid_iPad.app/$(BUNDLE_EXECUTABLE_FOLDER_PATH)/Handbid_iPad";
			};
			name = Release;
		};
		8C1E00D62BA823C90094FAA7 /* Release */ = {
			isa = XCBuildConfiguration;
			baseConfigurationReference = 07B5075C59A9E958F31D77F1 /* Pods-Handbid_iPadUITests.release.xcconfig */;
			buildSettings = {
				CLANG_ENABLE_MODULES = YES;
				CODE_SIGN_STYLE = Automatic;
				CURRENT_PROJECT_VERSION = 1;
				DEVELOPMENT_TEAM = 35JZN6VPM3;
				ENABLE_USER_SCRIPT_SANDBOXING = NO;
				GENERATE_INFOPLIST_FILE = YES;
				MARKETING_VERSION = 1.0;
				PRODUCT_BUNDLE_IDENTIFIER = "com.Handbid-iPadUITests";
				PRODUCT_NAME = "$(TARGET_NAME)";
				SUPPORTED_PLATFORMS = "iphoneos iphonesimulator";
				SUPPORTS_MACCATALYST = NO;
				SWIFT_EMIT_LOC_STRINGS = NO;
				SWIFT_VERSION = 5.0;
				TARGETED_DEVICE_FAMILY = "1,2";
				TEST_TARGET_NAME = Handbid_iPad;
			};
			name = Release;
		};
		8C1E00FB2BA82C9D0094FAA7 /* Debug */ = {
			isa = XCBuildConfiguration;
			baseConfigurationReference = 8C1E00F72BA82A9F0094FAA7 /* Debug.xcconfig */;
			buildSettings = {
				ALWAYS_SEARCH_USER_PATHS = NO;
				ASSETCATALOG_COMPILER_GENERATE_SWIFT_ASSET_SYMBOL_EXTENSIONS = YES;
				CLANG_ANALYZER_LOCALIZABILITY_NONLOCALIZED = YES;
				CLANG_ANALYZER_NONNULL = YES;
				CLANG_ANALYZER_NUMBER_OBJECT_CONVERSION = YES_AGGRESSIVE;
				CLANG_CXX_LANGUAGE_STANDARD = "gnu++20";
				CLANG_ENABLE_MODULES = YES;
				CLANG_ENABLE_OBJC_ARC = YES;
				CLANG_ENABLE_OBJC_WEAK = YES;
				CLANG_WARN_BLOCK_CAPTURE_AUTORELEASING = YES;
				CLANG_WARN_BOOL_CONVERSION = YES;
				CLANG_WARN_COMMA = YES;
				CLANG_WARN_CONSTANT_CONVERSION = YES;
				CLANG_WARN_DEPRECATED_OBJC_IMPLEMENTATIONS = YES;
				CLANG_WARN_DIRECT_OBJC_ISA_USAGE = YES_ERROR;
				CLANG_WARN_DOCUMENTATION_COMMENTS = YES;
				CLANG_WARN_EMPTY_BODY = YES;
				CLANG_WARN_ENUM_CONVERSION = YES;
				CLANG_WARN_INFINITE_RECURSION = YES;
				CLANG_WARN_INT_CONVERSION = YES;
				CLANG_WARN_NON_LITERAL_NULL_CONVERSION = YES;
				CLANG_WARN_OBJC_IMPLICIT_RETAIN_SELF = YES;
				CLANG_WARN_OBJC_LITERAL_CONVERSION = YES;
				CLANG_WARN_OBJC_ROOT_CLASS = YES_ERROR;
				CLANG_WARN_QUOTED_INCLUDE_IN_FRAMEWORK_HEADER = YES;
				CLANG_WARN_RANGE_LOOP_ANALYSIS = YES;
				CLANG_WARN_STRICT_PROTOTYPES = YES;
				CLANG_WARN_SUSPICIOUS_MOVE = YES;
				CLANG_WARN_UNGUARDED_AVAILABILITY = YES_AGGRESSIVE;
				CLANG_WARN_UNREACHABLE_CODE = YES;
				CLANG_WARN__DUPLICATE_METHOD_MATCH = YES;
				COPY_PHASE_STRIP = NO;
				DEBUG_INFORMATION_FORMAT = "dwarf-with-dsym";
				ENABLE_NS_ASSERTIONS = NO;
				ENABLE_STRICT_OBJC_MSGSEND = YES;
				ENABLE_TESTABILITY = YES;
				ENABLE_USER_SCRIPT_SANDBOXING = YES;
				GCC_C_LANGUAGE_STANDARD = gnu17;
				GCC_NO_COMMON_BLOCKS = YES;
				GCC_WARN_64_TO_32_BIT_CONVERSION = YES;
				GCC_WARN_ABOUT_RETURN_TYPE = YES_ERROR;
				GCC_WARN_UNDECLARED_SELECTOR = YES;
				GCC_WARN_UNINITIALIZED_AUTOS = YES_AGGRESSIVE;
				GCC_WARN_UNUSED_FUNCTION = YES;
				GCC_WARN_UNUSED_VARIABLE = YES;
				IPHONEOS_DEPLOYMENT_TARGET = 17.0;
				LOCALIZATION_PREFERS_STRING_CATALOGS = YES;
				MTL_ENABLE_DEBUG_INFO = NO;
				MTL_FAST_MATH = YES;
				ONLY_ACTIVE_ARCH = YES;
				SDKROOT = iphoneos;
				SWIFT_COMPILATION_MODE = wholemodule;
				VALIDATE_PRODUCT = YES;
			};
			name = Debug;
		};
		8C1E00FC2BA82C9D0094FAA7 /* Debug */ = {
			isa = XCBuildConfiguration;
			baseConfigurationReference = F72703FF5CF1B9070F3FE13A /* Pods-Handbid_iPad.debug.xcconfig */;
			buildSettings = {
				ASSETCATALOG_COMPILER_APPICON_NAME = AppIcon;
				ASSETCATALOG_COMPILER_GLOBAL_ACCENT_COLOR_NAME = AccentColor;
				CLANG_ALLOW_NON_MODULAR_INCLUDES_IN_FRAMEWORK_MODULES = YES;
				CODE_SIGN_IDENTITY = "Apple Development";
				CODE_SIGN_STYLE = Automatic;
				COPY_HEADERS_RUN_UNIFDEF = NO;
				CURRENT_PROJECT_VERSION = 1;
				DEVELOPMENT_TEAM = 35JZN6VPM3;
				ENABLE_PREVIEWS = YES;
				ENABLE_USER_SCRIPT_SANDBOXING = NO;
				FRAMEWORK_SEARCH_PATHS = (
					"$(inherited)",
					"$(PROJECT_DIR)/Frameworks",
				);
				GCC_PREFIX_HEADER = "";
				GCC_PREPROCESSOR_DEFINITIONS = (
					"$(inherited)",
					"COCOAPODS=1",
				);
				GCC_PREPROCESSOR_DEFINITIONS_NOT_USED_IN_PRECOMPS = "";
				GENERATE_INFOPLIST_FILE = YES;
				INFOPLIST_FILE = "Handbid_iPad/Resources/Handbid-iPad-Info.plist";
				INFOPLIST_KEY_CFBundleDisplayName = "Handbid Manager";
				INFOPLIST_KEY_UIApplicationSupportsIndirectInputEvents = YES;
				INFOPLIST_KEY_UILaunchScreen_Generation = YES;
				INFOPLIST_KEY_UISupportedInterfaceOrientations = UIInterfaceOrientationPortrait;
				INFOPLIST_KEY_UISupportedInterfaceOrientations_iPad = "UIInterfaceOrientationLandscapeLeft UIInterfaceOrientationLandscapeRight UIInterfaceOrientationPortrait";
				IPHONEOS_DEPLOYMENT_TARGET = 17.0;
				LD_RUNPATH_SEARCH_PATHS = (
					"$(inherited)",
					"@executable_path/Frameworks",
				);
				MARKETING_VERSION = 1.0;
				OTHER_SWIFT_FLAGS = "$(inherited) -D COCOAPODS -Xcc -fmodule-map-file=\"${PODS_CONFIGURATION_BUILD_DIR}/Arrow/Arrow.modulemap\" -DHANDBID_IPAD";
				PRODUCT_BUNDLE_IDENTIFIER = "com.Handbid-iPad";
				PRODUCT_MODULE_NAME = Handbid_iPad;
				PRODUCT_NAME = Handbid_iPad;
				PROVISIONING_PROFILE_SPECIFIER = "";
				SWIFT_ACTIVE_COMPILATION_CONDITIONS = Debug;
				SWIFT_EMIT_LOC_STRINGS = YES;
				SWIFT_OBJC_BRIDGING_HEADER = "Handbid_iPad/Bridging-Header/Handbid-iPad-Bridging-Header.h";
				SWIFT_VERSION = 5.0;
				TARGETED_DEVICE_FAMILY = "1,2";
			};
			name = Debug;
		};
		8C1E00FD2BA82C9D0094FAA7 /* Debug */ = {
			isa = XCBuildConfiguration;
			buildSettings = {
				CLANG_ENABLE_MODULES = YES;
				CODE_SIGN_STYLE = Automatic;
				CURRENT_PROJECT_VERSION = 1;
				DEVELOPMENT_TEAM = 35JZN6VPM3;
				ENABLE_ON_DEMAND_RESOURCES = NO;
				ENABLE_PREVIEWS = NO;
				ENABLE_USER_SCRIPT_SANDBOXING = NO;
				GENERATE_INFOPLIST_FILE = YES;
				IPHONEOS_DEPLOYMENT_TARGET = 17.0;
				MARKETING_VERSION = 1.0;
				ONLY_ACTIVE_ARCH = YES;
				PRODUCT_BUNDLE_IDENTIFIER = "com.Handbid-iPadTests";
				PRODUCT_NAME = "$(TARGET_NAME)";
				SUPPORTED_PLATFORMS = "iphoneos iphonesimulator";
				SUPPORTS_MACCATALYST = NO;
				SWIFT_EMIT_LOC_STRINGS = NO;
				SWIFT_VERSION = 5.0;
				TARGETED_DEVICE_FAMILY = "1,2";
				TEST_HOST = "$(BUILT_PRODUCTS_DIR)/Handbid_iPad.app/$(BUNDLE_EXECUTABLE_FOLDER_PATH)/Handbid_iPad";
			};
			name = Debug;
		};
		8C1E00FE2BA82C9D0094FAA7 /* Debug */ = {
			isa = XCBuildConfiguration;
			baseConfigurationReference = AE66CC06D22619074C3D5612 /* Pods-Handbid_iPadUITests.debug.xcconfig */;
			buildSettings = {
				CLANG_ENABLE_MODULES = YES;
				CODE_SIGN_STYLE = Automatic;
				CURRENT_PROJECT_VERSION = 1;
				DEVELOPMENT_TEAM = 35JZN6VPM3;
				ENABLE_USER_SCRIPT_SANDBOXING = NO;
				GENERATE_INFOPLIST_FILE = YES;
				MARKETING_VERSION = 1.0;
				PRODUCT_BUNDLE_IDENTIFIER = "com.Handbid-iPadUITests";
				PRODUCT_NAME = "$(TARGET_NAME)";
				SUPPORTED_PLATFORMS = "iphoneos iphonesimulator";
				SUPPORTS_MACCATALYST = NO;
				SWIFT_EMIT_LOC_STRINGS = NO;
				SWIFT_VERSION = 5.0;
				TARGETED_DEVICE_FAMILY = "1,2";
				TEST_TARGET_NAME = Handbid_iPad;
			};
			name = Debug;
		};
/* End XCBuildConfiguration section */

/* Begin XCConfigurationList section */
		8C1E00A52BA823C80094FAA7 /* Build configuration list for PBXProject "Handbid_iPad" */ = {
			isa = XCConfigurationList;
			buildConfigurations = (
				8C1E00CD2BA823C90094FAA7 /* Release */,
				8C1E00FB2BA82C9D0094FAA7 /* Debug */,
			);
			defaultConfigurationIsVisible = 0;
			defaultConfigurationName = Release;
		};
		8C1E00CE2BA823C90094FAA7 /* Build configuration list for PBXNativeTarget "Handbid_iPad" */ = {
			isa = XCConfigurationList;
			buildConfigurations = (
				8C1E00D02BA823C90094FAA7 /* Release */,
				8C1E00FC2BA82C9D0094FAA7 /* Debug */,
			);
			defaultConfigurationIsVisible = 0;
			defaultConfigurationName = Release;
		};
		8C1E00D12BA823C90094FAA7 /* Build configuration list for PBXNativeTarget "Handbid_iPadTests" */ = {
			isa = XCConfigurationList;
			buildConfigurations = (
				8C1E00D32BA823C90094FAA7 /* Release */,
				8C1E00FD2BA82C9D0094FAA7 /* Debug */,
			);
			defaultConfigurationIsVisible = 0;
			defaultConfigurationName = Release;
		};
		8C1E00D42BA823C90094FAA7 /* Build configuration list for PBXNativeTarget "Handbid_iPadUITests" */ = {
			isa = XCConfigurationList;
			buildConfigurations = (
				8C1E00D62BA823C90094FAA7 /* Release */,
				8C1E00FE2BA82C9D0094FAA7 /* Debug */,
			);
			defaultConfigurationIsVisible = 0;
			defaultConfigurationName = Release;
		};
/* End XCConfigurationList section */

/* Begin XCLocalSwiftPackageReference section */
		8CEA29092BB3517E005E3B33 /* XCLocalSwiftPackageReference "Frameworks/NetworkService" */ = {
			isa = XCLocalSwiftPackageReference;
			relativePath = Frameworks/NetworkService;
		};
/* End XCLocalSwiftPackageReference section */

/* Begin XCSwiftPackageProductDependency section */
		8CEA290A2BB3517E005E3B33 /* NetworkService */ = {
			isa = XCSwiftPackageProductDependency;
			productName = NetworkService;
		};
/* End XCSwiftPackageProductDependency section */
	};
	rootObject = 8C1E00A22BA823C80094FAA7 /* Project object */;
}
