// !$*UTF8*$!
{
	archiveVersion = 1;
	classes = {
	};
	objectVersion = 56;
	objects = {

/* Begin PBXBuildFile section */
		8C9C25832BA821F600A6EE34 /* Handbid_iPadApp.swift in Sources */ = {isa = PBXBuildFile; fileRef = 8C9C25822BA821F600A6EE34 /* Handbid_iPadApp.swift */; };
		8C9C25852BA821F600A6EE34 /* ContentView.swift in Sources */ = {isa = PBXBuildFile; fileRef = 8C9C25842BA821F600A6EE34 /* ContentView.swift */; };
		8C9C25872BA821F600A6EE34 /* Assets.xcassets in Resources */ = {isa = PBXBuildFile; fileRef = 8C9C25862BA821F600A6EE34 /* Assets.xcassets */; };
		8C9C258A2BA821F600A6EE34 /* Preview Assets.xcassets in Resources */ = {isa = PBXBuildFile; fileRef = 8C9C25892BA821F600A6EE34 /* Preview Assets.xcassets */; };
		8C9C25942BA821F700A6EE34 /* Handbid_iPadTests.swift in Sources */ = {isa = PBXBuildFile; fileRef = 8C9C25932BA821F700A6EE34 /* Handbid_iPadTests.swift */; };
		8C9C259E2BA821F700A6EE34 /* Handbid_iPadUITests.swift in Sources */ = {isa = PBXBuildFile; fileRef = 8C9C259D2BA821F700A6EE34 /* Handbid_iPadUITests.swift */; };
		8C9C25A02BA821F700A6EE34 /* Handbid_iPadUITestsLaunchTests.swift in Sources */ = {isa = PBXBuildFile; fileRef = 8C9C259F2BA821F700A6EE34 /* Handbid_iPadUITestsLaunchTests.swift */; };
/* End PBXBuildFile section */

/* Begin PBXContainerItemProxy section */
		8C9C25902BA821F700A6EE34 /* PBXContainerItemProxy */ = {
			isa = PBXContainerItemProxy;
			containerPortal = 8C9C25772BA821F600A6EE34 /* Project object */;
			proxyType = 1;
			remoteGlobalIDString = 8C9C257E2BA821F600A6EE34;
			remoteInfo = "Handbid-iPad";
		};
		8C9C259A2BA821F700A6EE34 /* PBXContainerItemProxy */ = {
			isa = PBXContainerItemProxy;
			containerPortal = 8C9C25772BA821F600A6EE34 /* Project object */;
			proxyType = 1;
			remoteGlobalIDString = 8C9C257E2BA821F600A6EE34;
			remoteInfo = "Handbid-iPad";
		};
/* End PBXContainerItemProxy section */

/* Begin PBXFileReference section */
		8C9C257F2BA821F600A6EE34 /* Handbid-iPad.app */ = {isa = PBXFileReference; explicitFileType = wrapper.application; includeInIndex = 0; path = "Handbid-iPad.app"; sourceTree = BUILT_PRODUCTS_DIR; };
		8C9C25822BA821F600A6EE34 /* Handbid_iPadApp.swift */ = {isa = PBXFileReference; lastKnownFileType = sourcecode.swift; path = Handbid_iPadApp.swift; sourceTree = "<group>"; };
		8C9C25842BA821F600A6EE34 /* ContentView.swift */ = {isa = PBXFileReference; lastKnownFileType = sourcecode.swift; path = ContentView.swift; sourceTree = "<group>"; };
		8C9C25862BA821F600A6EE34 /* Assets.xcassets */ = {isa = PBXFileReference; lastKnownFileType = folder.assetcatalog; path = Assets.xcassets; sourceTree = "<group>"; };
		8C9C25892BA821F600A6EE34 /* Preview Assets.xcassets */ = {isa = PBXFileReference; lastKnownFileType = folder.assetcatalog; path = "Preview Assets.xcassets"; sourceTree = "<group>"; };
		8C9C258F2BA821F700A6EE34 /* Handbid-iPadTests.xctest */ = {isa = PBXFileReference; explicitFileType = wrapper.cfbundle; includeInIndex = 0; path = "Handbid-iPadTests.xctest"; sourceTree = BUILT_PRODUCTS_DIR; };
		8C9C25932BA821F700A6EE34 /* Handbid_iPadTests.swift */ = {isa = PBXFileReference; lastKnownFileType = sourcecode.swift; path = Handbid_iPadTests.swift; sourceTree = "<group>"; };
		8C9C25992BA821F700A6EE34 /* Handbid-iPadUITests.xctest */ = {isa = PBXFileReference; explicitFileType = wrapper.cfbundle; includeInIndex = 0; path = "Handbid-iPadUITests.xctest"; sourceTree = BUILT_PRODUCTS_DIR; };
		8C9C259D2BA821F700A6EE34 /* Handbid_iPadUITests.swift */ = {isa = PBXFileReference; lastKnownFileType = sourcecode.swift; path = Handbid_iPadUITests.swift; sourceTree = "<group>"; };
		8C9C259F2BA821F700A6EE34 /* Handbid_iPadUITestsLaunchTests.swift */ = {isa = PBXFileReference; lastKnownFileType = sourcecode.swift; path = Handbid_iPadUITestsLaunchTests.swift; sourceTree = "<group>"; };
/* End PBXFileReference section */

/* Begin PBXFrameworksBuildPhase section */
		8C9C257C2BA821F600A6EE34 /* Frameworks */ = {
			isa = PBXFrameworksBuildPhase;
			buildActionMask = 2147483647;
			files = (
			);
			runOnlyForDeploymentPostprocessing = 0;
		};
		8C9C258C2BA821F700A6EE34 /* Frameworks */ = {
			isa = PBXFrameworksBuildPhase;
			buildActionMask = 2147483647;
			files = (
			);
			runOnlyForDeploymentPostprocessing = 0;
		};
		8C9C25962BA821F700A6EE34 /* Frameworks */ = {
			isa = PBXFrameworksBuildPhase;
			buildActionMask = 2147483647;
			files = (
			);
			runOnlyForDeploymentPostprocessing = 0;
		};
/* End PBXFrameworksBuildPhase section */

/* Begin PBXGroup section */
		8C9C25762BA821F600A6EE34 = {
			isa = PBXGroup;
			children = (
				8C9C25812BA821F600A6EE34 /* Handbid-iPad */,
				8C9C25922BA821F700A6EE34 /* Handbid-iPadTests */,
				8C9C259C2BA821F700A6EE34 /* Handbid-iPadUITests */,
				8C9C25802BA821F600A6EE34 /* Products */,
			);
			sourceTree = "<group>";
		};
		8C9C25802BA821F600A6EE34 /* Products */ = {
			isa = PBXGroup;
			children = (
				8C9C257F2BA821F600A6EE34 /* Handbid-iPad.app */,
				8C9C258F2BA821F700A6EE34 /* Handbid-iPadTests.xctest */,
				8C9C25992BA821F700A6EE34 /* Handbid-iPadUITests.xctest */,
			);
			name = Products;
			sourceTree = "<group>";
		};
		8C9C25812BA821F600A6EE34 /* Handbid-iPad */ = {
			isa = PBXGroup;
			children = (
				8C9C25822BA821F600A6EE34 /* Handbid_iPadApp.swift */,
				8C9C25842BA821F600A6EE34 /* ContentView.swift */,
				8C9C25862BA821F600A6EE34 /* Assets.xcassets */,
				8C9C25882BA821F600A6EE34 /* Preview Content */,
			);
			path = "Handbid-iPad";
			sourceTree = "<group>";
		};
		8C9C25882BA821F600A6EE34 /* Preview Content */ = {
			isa = PBXGroup;
			children = (
				8C9C25892BA821F600A6EE34 /* Preview Assets.xcassets */,
			);
			path = "Preview Content";
			sourceTree = "<group>";
		};
		8C9C25922BA821F700A6EE34 /* Handbid-iPadTests */ = {
			isa = PBXGroup;
			children = (
				8C9C25932BA821F700A6EE34 /* Handbid_iPadTests.swift */,
			);
			path = "Handbid-iPadTests";
			sourceTree = "<group>";
		};
		8C9C259C2BA821F700A6EE34 /* Handbid-iPadUITests */ = {
			isa = PBXGroup;
			children = (
				8C9C259D2BA821F700A6EE34 /* Handbid_iPadUITests.swift */,
				8C9C259F2BA821F700A6EE34 /* Handbid_iPadUITestsLaunchTests.swift */,
			);
			path = "Handbid-iPadUITests";
			sourceTree = "<group>";
		};
/* End PBXGroup section */

/* Begin PBXNativeTarget section */
		8C9C257E2BA821F600A6EE34 /* Handbid-iPad */ = {
			isa = PBXNativeTarget;
			buildConfigurationList = 8C9C25A32BA821F700A6EE34 /* Build configuration list for PBXNativeTarget "Handbid-iPad" */;
			buildPhases = (
				8C9C257B2BA821F600A6EE34 /* Sources */,
				8C9C257C2BA821F600A6EE34 /* Frameworks */,
				8C9C257D2BA821F600A6EE34 /* Resources */,
			);
			buildRules = (
			);
			dependencies = (
			);
			name = "Handbid-iPad";
			productName = "Handbid-iPad";
			productReference = 8C9C257F2BA821F600A6EE34 /* Handbid-iPad.app */;
			productType = "com.apple.product-type.application";
		};
		8C9C258E2BA821F700A6EE34 /* Handbid-iPadTests */ = {
			isa = PBXNativeTarget;
			buildConfigurationList = 8C9C25A62BA821F700A6EE34 /* Build configuration list for PBXNativeTarget "Handbid-iPadTests" */;
			buildPhases = (
				8C9C258B2BA821F700A6EE34 /* Sources */,
				8C9C258C2BA821F700A6EE34 /* Frameworks */,
				8C9C258D2BA821F700A6EE34 /* Resources */,
			);
			buildRules = (
			);
			dependencies = (
				8C9C25912BA821F700A6EE34 /* PBXTargetDependency */,
			);
			name = "Handbid-iPadTests";
			productName = "Handbid-iPadTests";
			productReference = 8C9C258F2BA821F700A6EE34 /* Handbid-iPadTests.xctest */;
			productType = "com.apple.product-type.bundle.unit-test";
		};
		8C9C25982BA821F700A6EE34 /* Handbid-iPadUITests */ = {
			isa = PBXNativeTarget;
			buildConfigurationList = 8C9C25A92BA821F700A6EE34 /* Build configuration list for PBXNativeTarget "Handbid-iPadUITests" */;
			buildPhases = (
				8C9C25952BA821F700A6EE34 /* Sources */,
				8C9C25962BA821F700A6EE34 /* Frameworks */,
				8C9C25972BA821F700A6EE34 /* Resources */,
			);
			buildRules = (
			);
			dependencies = (
				8C9C259B2BA821F700A6EE34 /* PBXTargetDependency */,
			);
			name = "Handbid-iPadUITests";
			productName = "Handbid-iPadUITests";
			productReference = 8C9C25992BA821F700A6EE34 /* Handbid-iPadUITests.xctest */;
			productType = "com.apple.product-type.bundle.ui-testing";
		};
/* End PBXNativeTarget section */

/* Begin PBXProject section */
		8C9C25772BA821F600A6EE34 /* Project object */ = {
			isa = PBXProject;
			attributes = {
				BuildIndependentTargetsInParallel = 1;
				LastSwiftUpdateCheck = 1520;
				LastUpgradeCheck = 1520;
				TargetAttributes = {
					8C9C257E2BA821F600A6EE34 = {
						CreatedOnToolsVersion = 15.2;
					};
					8C9C258E2BA821F700A6EE34 = {
						CreatedOnToolsVersion = 15.2;
						TestTargetID = 8C9C257E2BA821F600A6EE34;
					};
					8C9C25982BA821F700A6EE34 = {
						CreatedOnToolsVersion = 15.2;
						TestTargetID = 8C9C257E2BA821F600A6EE34;
					};
				};
			};
			buildConfigurationList = 8C9C257A2BA821F600A6EE34 /* Build configuration list for PBXProject "Handbid-iPad" */;
			compatibilityVersion = "Xcode 14.0";
			developmentRegion = en;
			hasScannedForEncodings = 0;
			knownRegions = (
				en,
				Base,
			);
			mainGroup = 8C9C25762BA821F600A6EE34;
			productRefGroup = 8C9C25802BA821F600A6EE34 /* Products */;
			projectDirPath = "";
			projectRoot = "";
			targets = (
				8C9C257E2BA821F600A6EE34 /* Handbid-iPad */,
				8C9C258E2BA821F700A6EE34 /* Handbid-iPadTests */,
				8C9C25982BA821F700A6EE34 /* Handbid-iPadUITests */,
			);
		};
/* End PBXProject section */

/* Begin PBXResourcesBuildPhase section */
		8C9C257D2BA821F600A6EE34 /* Resources */ = {
			isa = PBXResourcesBuildPhase;
			buildActionMask = 2147483647;
			files = (
				8C9C258A2BA821F600A6EE34 /* Preview Assets.xcassets in Resources */,
				8C9C25872BA821F600A6EE34 /* Assets.xcassets in Resources */,
			);
			runOnlyForDeploymentPostprocessing = 0;
		};
		8C9C258D2BA821F700A6EE34 /* Resources */ = {
			isa = PBXResourcesBuildPhase;
			buildActionMask = 2147483647;
			files = (
			);
			runOnlyForDeploymentPostprocessing = 0;
		};
		8C9C25972BA821F700A6EE34 /* Resources */ = {
			isa = PBXResourcesBuildPhase;
			buildActionMask = 2147483647;
			files = (
			);
			runOnlyForDeploymentPostprocessing = 0;
		};
/* End PBXResourcesBuildPhase section */

/* Begin PBXSourcesBuildPhase section */
		8C9C257B2BA821F600A6EE34 /* Sources */ = {
			isa = PBXSourcesBuildPhase;
			buildActionMask = 2147483647;
			files = (
				8C9C25852BA821F600A6EE34 /* ContentView.swift in Sources */,
				8C9C25832BA821F600A6EE34 /* Handbid_iPadApp.swift in Sources */,
			);
			runOnlyForDeploymentPostprocessing = 0;
		};
		8C9C258B2BA821F700A6EE34 /* Sources */ = {
			isa = PBXSourcesBuildPhase;
			buildActionMask = 2147483647;
			files = (
				8C9C25942BA821F700A6EE34 /* Handbid_iPadTests.swift in Sources */,
			);
			runOnlyForDeploymentPostprocessing = 0;
		};
		8C9C25952BA821F700A6EE34 /* Sources */ = {
			isa = PBXSourcesBuildPhase;
			buildActionMask = 2147483647;
			files = (
				8C9C259E2BA821F700A6EE34 /* Handbid_iPadUITests.swift in Sources */,
				8C9C25A02BA821F700A6EE34 /* Handbid_iPadUITestsLaunchTests.swift in Sources */,
			);
			runOnlyForDeploymentPostprocessing = 0;
		};
/* End PBXSourcesBuildPhase section */

/* Begin PBXTargetDependency section */
		8C9C25912BA821F700A6EE34 /* PBXTargetDependency */ = {
			isa = PBXTargetDependency;
			target = 8C9C257E2BA821F600A6EE34 /* Handbid-iPad */;
			targetProxy = 8C9C25902BA821F700A6EE34 /* PBXContainerItemProxy */;
		};
		8C9C259B2BA821F700A6EE34 /* PBXTargetDependency */ = {
			isa = PBXTargetDependency;
			target = 8C9C257E2BA821F600A6EE34 /* Handbid-iPad */;
			targetProxy = 8C9C259A2BA821F700A6EE34 /* PBXContainerItemProxy */;
		};
/* End PBXTargetDependency section */

/* Begin XCBuildConfiguration section */
		8C9C25A12BA821F700A6EE34 /* Debug */ = {
			isa = XCBuildConfiguration;
			buildSettings = {
				ALWAYS_SEARCH_USER_PATHS = NO;
				ASSETCATALOG_COMPILER_GENERATE_SWIFT_ASSET_SYMBOL_EXTENSIONS = YES;
				CLANG_ANALYZER_NONNULL = YES;
				CLANG_ANALYZER_NUMBER_OBJECT_CONVERSION = YES_AGGRESSIVE;
				CLANG_CXX_LANGUAGE_STANDARD = "gnu++20";
				CLANG_ENABLE_MODULES = YES;
				CLANG_ENABLE_OBJC_ARC = YES;
				CLANG_ENABLE_OBJC_WEAK = YES;
				CLANG_WARN_BLOCK_CAPTURE_AUTORELEASING = YES;
				CLANG_WARN_BOOL_CONVERSION = YES;
				CLANG_WARN_COMMA = YES;
				CLANG_WARN_CONSTANT_CONVERSION = YES;
				CLANG_WARN_DEPRECATED_OBJC_IMPLEMENTATIONS = YES;
				CLANG_WARN_DIRECT_OBJC_ISA_USAGE = YES_ERROR;
				CLANG_WARN_DOCUMENTATION_COMMENTS = YES;
				CLANG_WARN_EMPTY_BODY = YES;
				CLANG_WARN_ENUM_CONVERSION = YES;
				CLANG_WARN_INFINITE_RECURSION = YES;
				CLANG_WARN_INT_CONVERSION = YES;
				CLANG_WARN_NON_LITERAL_NULL_CONVERSION = YES;
				CLANG_WARN_OBJC_IMPLICIT_RETAIN_SELF = YES;
				CLANG_WARN_OBJC_LITERAL_CONVERSION = YES;
				CLANG_WARN_OBJC_ROOT_CLASS = YES_ERROR;
				CLANG_WARN_QUOTED_INCLUDE_IN_FRAMEWORK_HEADER = YES;
				CLANG_WARN_RANGE_LOOP_ANALYSIS = YES;
				CLANG_WARN_STRICT_PROTOTYPES = YES;
				CLANG_WARN_SUSPICIOUS_MOVE = YES;
				CLANG_WARN_UNGUARDED_AVAILABILITY = YES_AGGRESSIVE;
				CLANG_WARN_UNREACHABLE_CODE = YES;
				CLANG_WARN__DUPLICATE_METHOD_MATCH = YES;
				COPY_PHASE_STRIP = NO;
				DEBUG_INFORMATION_FORMAT = dwarf;
				ENABLE_STRICT_OBJC_MSGSEND = YES;
				ENABLE_TESTABILITY = YES;
				ENABLE_USER_SCRIPT_SANDBOXING = YES;
				GCC_C_LANGUAGE_STANDARD = gnu17;
				GCC_DYNAMIC_NO_PIC = NO;
				GCC_NO_COMMON_BLOCKS = YES;
				GCC_OPTIMIZATION_LEVEL = 0;
				GCC_PREPROCESSOR_DEFINITIONS = (
					"DEBUG=1",
					"$(inherited)",
				);
				GCC_WARN_64_TO_32_BIT_CONVERSION = YES;
				GCC_WARN_ABOUT_RETURN_TYPE = YES_ERROR;
				GCC_WARN_UNDECLARED_SELECTOR = YES;
				GCC_WARN_UNINITIALIZED_AUTOS = YES_AGGRESSIVE;
				GCC_WARN_UNUSED_FUNCTION = YES;
				GCC_WARN_UNUSED_VARIABLE = YES;
				IPHONEOS_DEPLOYMENT_TARGET = 17.2;
				LOCALIZATION_PREFERS_STRING_CATALOGS = YES;
				MTL_ENABLE_DEBUG_INFO = INCLUDE_SOURCE;
				MTL_FAST_MATH = YES;
				ONLY_ACTIVE_ARCH = YES;
				SDKROOT = iphoneos;
				SWIFT_ACTIVE_COMPILATION_CONDITIONS = "DEBUG $(inherited)";
				SWIFT_OPTIMIZATION_LEVEL = "-Onone";
			};
			name = Debug;
		};
		8C9C25A22BA821F700A6EE34 /* Release */ = {
			isa = XCBuildConfiguration;
			buildSettings = {
				ALWAYS_SEARCH_USER_PATHS = NO;
				ASSETCATALOG_COMPILER_GENERATE_SWIFT_ASSET_SYMBOL_EXTENSIONS = YES;
				CLANG_ANALYZER_NONNULL = YES;
				CLANG_ANALYZER_NUMBER_OBJECT_CONVERSION = YES_AGGRESSIVE;
				CLANG_CXX_LANGUAGE_STANDARD = "gnu++20";
				CLANG_ENABLE_MODULES = YES;
				CLANG_ENABLE_OBJC_ARC = YES;
				CLANG_ENABLE_OBJC_WEAK = YES;
				CLANG_WARN_BLOCK_CAPTURE_AUTORELEASING = YES;
				CLANG_WARN_BOOL_CONVERSION = YES;
				CLANG_WARN_COMMA = YES;
				CLANG_WARN_CONSTANT_CONVERSION = YES;
				CLANG_WARN_DEPRECATED_OBJC_IMPLEMENTATIONS = YES;
				CLANG_WARN_DIRECT_OBJC_ISA_USAGE = YES_ERROR;
				CLANG_WARN_DOCUMENTATION_COMMENTS = YES;
				CLANG_WARN_EMPTY_BODY = YES;
				CLANG_WARN_ENUM_CONVERSION = YES;
				CLANG_WARN_INFINITE_RECURSION = YES;
				CLANG_WARN_INT_CONVERSION = YES;
				CLANG_WARN_NON_LITERAL_NULL_CONVERSION = YES;
				CLANG_WARN_OBJC_IMPLICIT_RETAIN_SELF = YES;
				CLANG_WARN_OBJC_LITERAL_CONVERSION = YES;
				CLANG_WARN_OBJC_ROOT_CLASS = YES_ERROR;
				CLANG_WARN_QUOTED_INCLUDE_IN_FRAMEWORK_HEADER = YES;
				CLANG_WARN_RANGE_LOOP_ANALYSIS = YES;
				CLANG_WARN_STRICT_PROTOTYPES = YES;
				CLANG_WARN_SUSPICIOUS_MOVE = YES;
				CLANG_WARN_UNGUARDED_AVAILABILITY = YES_AGGRESSIVE;
				CLANG_WARN_UNREACHABLE_CODE = YES;
				CLANG_WARN__DUPLICATE_METHOD_MATCH = YES;
				COPY_PHASE_STRIP = NO;
				DEBUG_INFORMATION_FORMAT = "dwarf-with-dsym";
				ENABLE_NS_ASSERTIONS = NO;
				ENABLE_STRICT_OBJC_MSGSEND = YES;
				ENABLE_USER_SCRIPT_SANDBOXING = YES;
				GCC_C_LANGUAGE_STANDARD = gnu17;
				GCC_NO_COMMON_BLOCKS = YES;
				GCC_WARN_64_TO_32_BIT_CONVERSION = YES;
				GCC_WARN_ABOUT_RETURN_TYPE = YES_ERROR;
				GCC_WARN_UNDECLARED_SELECTOR = YES;
				GCC_WARN_UNINITIALIZED_AUTOS = YES_AGGRESSIVE;
				GCC_WARN_UNUSED_FUNCTION = YES;
				GCC_WARN_UNUSED_VARIABLE = YES;
				IPHONEOS_DEPLOYMENT_TARGET = 17.2;
				LOCALIZATION_PREFERS_STRING_CATALOGS = YES;
				MTL_ENABLE_DEBUG_INFO = NO;
				MTL_FAST_MATH = YES;
				SDKROOT = iphoneos;
				SWIFT_COMPILATION_MODE = wholemodule;
				VALIDATE_PRODUCT = YES;
			};
			name = Release;
		};
		8C9C25A42BA821F700A6EE34 /* Debug */ = {
			isa = XCBuildConfiguration;
			buildSettings = {
				ASSETCATALOG_COMPILER_APPICON_NAME = AppIcon;
				ASSETCATALOG_COMPILER_GLOBAL_ACCENT_COLOR_NAME = AccentColor;
				CODE_SIGN_STYLE = Automatic;
				CURRENT_PROJECT_VERSION = 1;
				DEVELOPMENT_ASSET_PATHS = "\"Handbid-iPad/Preview Content\"";
				DEVELOPMENT_TEAM = 35JZN6VPM3;
				ENABLE_PREVIEWS = YES;
				GENERATE_INFOPLIST_FILE = YES;
				INFOPLIST_KEY_UIApplicationSceneManifest_Generation = YES;
				INFOPLIST_KEY_UIApplicationSupportsIndirectInputEvents = YES;
				INFOPLIST_KEY_UILaunchScreen_Generation = YES;
				INFOPLIST_KEY_UISupportedInterfaceOrientations_iPad = "UIInterfaceOrientationPortrait UIInterfaceOrientationPortraitUpsideDown UIInterfaceOrientationLandscapeLeft UIInterfaceOrientationLandscapeRight";
				INFOPLIST_KEY_UISupportedInterfaceOrientations_iPhone = "UIInterfaceOrientationPortrait UIInterfaceOrientationLandscapeLeft UIInterfaceOrientationLandscapeRight";
				LD_RUNPATH_SEARCH_PATHS = (
					"$(inherited)",
					"@executable_path/Frameworks",
				);
				MARKETING_VERSION = 1.0;
				PRODUCT_BUNDLE_IDENTIFIER = "com.Handbid-iPad";
				PRODUCT_NAME = "$(TARGET_NAME)";
				SWIFT_EMIT_LOC_STRINGS = YES;
				SWIFT_VERSION = 5.0;
				TARGETED_DEVICE_FAMILY = "1,2";
			};
			name = Debug;
		};
		8C9C25A52BA821F700A6EE34 /* Release */ = {
			isa = XCBuildConfiguration;
			buildSettings = {
				ASSETCATALOG_COMPILER_APPICON_NAME = AppIcon;
				ASSETCATALOG_COMPILER_GLOBAL_ACCENT_COLOR_NAME = AccentColor;
				CODE_SIGN_STYLE = Automatic;
				CURRENT_PROJECT_VERSION = 1;
				DEVELOPMENT_ASSET_PATHS = "\"Handbid-iPad/Preview Content\"";
				DEVELOPMENT_TEAM = 35JZN6VPM3;
				ENABLE_PREVIEWS = YES;
				GENERATE_INFOPLIST_FILE = YES;
				INFOPLIST_KEY_UIApplicationSceneManifest_Generation = YES;
				INFOPLIST_KEY_UIApplicationSupportsIndirectInputEvents = YES;
				INFOPLIST_KEY_UILaunchScreen_Generation = YES;
				INFOPLIST_KEY_UISupportedInterfaceOrientations_iPad = "UIInterfaceOrientationPortrait UIInterfaceOrientationPortraitUpsideDown UIInterfaceOrientationLandscapeLeft UIInterfaceOrientationLandscapeRight";
				INFOPLIST_KEY_UISupportedInterfaceOrientations_iPhone = "UIInterfaceOrientationPortrait UIInterfaceOrientationLandscapeLeft UIInterfaceOrientationLandscapeRight";
				LD_RUNPATH_SEARCH_PATHS = (
					"$(inherited)",
					"@executable_path/Frameworks",
				);
				MARKETING_VERSION = 1.0;
				PRODUCT_BUNDLE_IDENTIFIER = "com.Handbid-iPad";
				PRODUCT_NAME = "$(TARGET_NAME)";
				SWIFT_EMIT_LOC_STRINGS = YES;
				SWIFT_VERSION = 5.0;
				TARGETED_DEVICE_FAMILY = "1,2";
			};
			name = Release;
		};
		8C9C25A72BA821F700A6EE34 /* Debug */ = {
			isa = XCBuildConfiguration;
			buildSettings = {
				ALWAYS_EMBED_SWIFT_STANDARD_LIBRARIES = YES;
				BUNDLE_LOADER = "$(TEST_HOST)";
				CODE_SIGN_STYLE = Automatic;
				CURRENT_PROJECT_VERSION = 1;
				DEVELOPMENT_TEAM = 35JZN6VPM3;
				GENERATE_INFOPLIST_FILE = YES;
				IPHONEOS_DEPLOYMENT_TARGET = 17.2;
				MARKETING_VERSION = 1.0;
				PRODUCT_BUNDLE_IDENTIFIER = "com.Handbid-iPadTests";
				PRODUCT_NAME = "$(TARGET_NAME)";
				SWIFT_EMIT_LOC_STRINGS = NO;
				SWIFT_VERSION = 5.0;
				TARGETED_DEVICE_FAMILY = "1,2";
				TEST_HOST = "$(BUILT_PRODUCTS_DIR)/Handbid-iPad.app/$(BUNDLE_EXECUTABLE_FOLDER_PATH)/Handbid-iPad";
			};
			name = Debug;
		};
		8C9C25A82BA821F700A6EE34 /* Release */ = {
			isa = XCBuildConfiguration;
			buildSettings = {
				ALWAYS_EMBED_SWIFT_STANDARD_LIBRARIES = YES;
				BUNDLE_LOADER = "$(TEST_HOST)";
				CODE_SIGN_STYLE = Automatic;
				CURRENT_PROJECT_VERSION = 1;
				DEVELOPMENT_TEAM = 35JZN6VPM3;
				GENERATE_INFOPLIST_FILE = YES;
				IPHONEOS_DEPLOYMENT_TARGET = 17.2;
				MARKETING_VERSION = 1.0;
				PRODUCT_BUNDLE_IDENTIFIER = "com.Handbid-iPadTests";
				PRODUCT_NAME = "$(TARGET_NAME)";
				SWIFT_EMIT_LOC_STRINGS = NO;
				SWIFT_VERSION = 5.0;
				TARGETED_DEVICE_FAMILY = "1,2";
				TEST_HOST = "$(BUILT_PRODUCTS_DIR)/Handbid-iPad.app/$(BUNDLE_EXECUTABLE_FOLDER_PATH)/Handbid-iPad";
			};
			name = Release;
		};
		8C9C25AA2BA821F700A6EE34 /* Debug */ = {
			isa = XCBuildConfiguration;
			buildSettings = {
				ALWAYS_EMBED_SWIFT_STANDARD_LIBRARIES = YES;
				CODE_SIGN_STYLE = Automatic;
				CURRENT_PROJECT_VERSION = 1;
				DEVELOPMENT_TEAM = 35JZN6VPM3;
				GENERATE_INFOPLIST_FILE = YES;
				MARKETING_VERSION = 1.0;
				PRODUCT_BUNDLE_IDENTIFIER = "com.Handbid-iPadUITests";
				PRODUCT_NAME = "$(TARGET_NAME)";
				SWIFT_EMIT_LOC_STRINGS = NO;
				SWIFT_VERSION = 5.0;
				TARGETED_DEVICE_FAMILY = "1,2";
				TEST_TARGET_NAME = "Handbid-iPad";
			};
			name = Debug;
		};
		8C9C25AB2BA821F700A6EE34 /* Release */ = {
			isa = XCBuildConfiguration;
			buildSettings = {
				ALWAYS_EMBED_SWIFT_STANDARD_LIBRARIES = YES;
				CODE_SIGN_STYLE = Automatic;
				CURRENT_PROJECT_VERSION = 1;
				DEVELOPMENT_TEAM = 35JZN6VPM3;
				GENERATE_INFOPLIST_FILE = YES;
				MARKETING_VERSION = 1.0;
				PRODUCT_BUNDLE_IDENTIFIER = "com.Handbid-iPadUITests";
				PRODUCT_NAME = "$(TARGET_NAME)";
				SWIFT_EMIT_LOC_STRINGS = NO;
				SWIFT_VERSION = 5.0;
				TARGETED_DEVICE_FAMILY = "1,2";
				TEST_TARGET_NAME = "Handbid-iPad";
			};
			name = Release;
		};
/* End XCBuildConfiguration section */

/* Begin XCConfigurationList section */
		8C9C257A2BA821F600A6EE34 /* Build configuration list for PBXProject "Handbid-iPad" */ = {
			isa = XCConfigurationList;
			buildConfigurations = (
				8C9C25A12BA821F700A6EE34 /* Debug */,
				8C9C25A22BA821F700A6EE34 /* Release */,
			);
			defaultConfigurationIsVisible = 0;
			defaultConfigurationName = Release;
		};
		8C9C25A32BA821F700A6EE34 /* Build configuration list for PBXNativeTarget "Handbid-iPad" */ = {
			isa = XCConfigurationList;
			buildConfigurations = (
				8C9C25A42BA821F700A6EE34 /* Debug */,
				8C9C25A52BA821F700A6EE34 /* Release */,
			);
			defaultConfigurationIsVisible = 0;
			defaultConfigurationName = Release;
		};
		8C9C25A62BA821F700A6EE34 /* Build configuration list for PBXNativeTarget "Handbid-iPadTests" */ = {
			isa = XCConfigurationList;
			buildConfigurations = (
				8C9C25A72BA821F700A6EE34 /* Debug */,
				8C9C25A82BA821F700A6EE34 /* Release */,
			);
			defaultConfigurationIsVisible = 0;
			defaultConfigurationName = Release;
		};
		8C9C25A92BA821F700A6EE34 /* Build configuration list for PBXNativeTarget "Handbid-iPadUITests" */ = {
			isa = XCConfigurationList;
			buildConfigurations = (
				8C9C25AA2BA821F700A6EE34 /* Debug */,
				8C9C25AB2BA821F700A6EE34 /* Release */,
			);
			defaultConfigurationIsVisible = 0;
			defaultConfigurationName = Release;
		};
/* End XCConfigurationList section */
	};
	rootObject = 8C9C25772BA821F600A6EE34 /* Project object */;
}
